// !$*UTF8*$!
{
	archiveVersion = 1;
	classes = {
	};
	objectVersion = 46;
	objects = {

/* Begin PBXBuildFile section */
		973E4BC91BD590710083EE47 /* Images.xcassets in Resources */ = {isa = PBXBuildFile; fileRef = 973E4BC81BD590710083EE47 /* Images.xcassets */; };
		975649101C4995D900463F95 /* Dirt.png in Resources */ = {isa = PBXBuildFile; fileRef = 9756490F1C4995D900463F95 /* Dirt.png */; };
		975649131C49A8AC00463F95 /* Rotate.m in Sources */ = {isa = PBXBuildFile; fileRef = 975649121C49A8AC00463F95 /* Rotate.m */; };
		975649161C49AD9B00463F95 /* MeshFactory.m in Sources */ = {isa = PBXBuildFile; fileRef = 975649151C49AD9B00463F95 /* MeshFactory.m */; };
		97CD39141C1CEDDD008870FB /* Entities.atlas in Resources */ = {isa = PBXBuildFile; fileRef = 97CD39121C1CEDDD008870FB /* Entities.atlas */; };
		97CD39151C1CEDDD008870FB /* Entities.png in Resources */ = {isa = PBXBuildFile; fileRef = 97CD39131C1CEDDD008870FB /* Entities.png */; };
		97CD391C1C1D0F49008870FB /* World.atlas in Resources */ = {isa = PBXBuildFile; fileRef = 97CD391A1C1D0F49008870FB /* World.atlas */; };
		97CD391D1C1D0F49008870FB /* World.png in Resources */ = {isa = PBXBuildFile; fileRef = 97CD391B1C1D0F49008870FB /* World.png */; };
		97CD610D1C1AA177006D301C /* Glomero.h in Sources */ = {isa = PBXBuildFile; fileRef = 973E4BF01BD5918F0083EE47 /* Glomero.h */; };
		97CD610E1C1AA177006D301C /* Glomero.m in Sources */ = {isa = PBXBuildFile; fileRef = 973E4BF11BD5918F0083EE47 /* Glomero.m */; };
		97CD610F1C1AA177006D301C /* MainScene.h in Sources */ = {isa = PBXBuildFile; fileRef = 97D85CD51C093C2A001EFE5F /* MainScene.h */; };
		97CD61101C1AA177006D301C /* MainScene.m in Sources */ = {isa = PBXBuildFile; fileRef = 97D85CD61C093C2A001EFE5F /* MainScene.m */; };
		97CD61131C1AA177006D301C /* Constants.h in Sources */ = {isa = PBXBuildFile; fileRef = 97CDE2181C1957140020D969 /* Constants.h */; };
		97CD61141C1AA183006D301C /* main.m in Sources */ = {isa = PBXBuildFile; fileRef = 973E4BBD1BD590710083EE47 /* main.m */; };
		97CDD8B11C501A8E0067AB10 /* libEngine.a in Frameworks */ = {isa = PBXBuildFile; fileRef = 97D0584A1BF533E7001D6E87 /* libEngine.a */; };
		97CE062F1C571317005C81C4 /* CameraFollow.m in Sources */ = {isa = PBXBuildFile; fileRef = 97CE062E1C571317005C81C4 /* CameraFollow.m */; };
		97CE06321C5715D0005C81C4 /* SectionFactory.m in Sources */ = {isa = PBXBuildFile; fileRef = 97CE06311C5715D0005C81C4 /* SectionFactory.m */; };
		97CE06451C576B56005C81C4 /* PlayerInput.m in Sources */ = {isa = PBXBuildFile; fileRef = 97CE06441C576B56005C81C4 /* PlayerInput.m */; };
		97CEA7901C55AA8100810EAC /* Sphere.png in Resources */ = {isa = PBXBuildFile; fileRef = 97CEA78F1C55AA8100810EAC /* Sphere.png */; };
		97CEA7971C55ECDE00810EAC /* UI.atlas in Resources */ = {isa = PBXBuildFile; fileRef = 97CEA7951C55ECDE00810EAC /* UI.atlas */; };
		97CEA7981C55ECDE00810EAC /* UI.png in Resources */ = {isa = PBXBuildFile; fileRef = 97CEA7961C55ECDE00810EAC /* UI.png */; };
		97CF5F231C5B70F900E3C1EE /* GameOver.m in Sources */ = {isa = PBXBuildFile; fileRef = 97CF5F221C5B70F900E3C1EE /* GameOver.m */; };
		97CF5F261C5B71B100E3C1EE /* GamePlay.m in Sources */ = {isa = PBXBuildFile; fileRef = 97CF5F251C5B71B100E3C1EE /* GamePlay.m */; };
		97CFB2DF1BF29ABD004C8E6F /* libXNI.a in Frameworks */ = {isa = PBXBuildFile; fileRef = 973E4BE11BD590D80083EE47 /* libXNI.a */; };
		97CFB2E01BF29AD0004C8E6F /* AudioToolbox.framework in Frameworks */ = {isa = PBXBuildFile; fileRef = 973E4BE31BD591030083EE47 /* AudioToolbox.framework */; };
		97CFB2E11BF29AD7004C8E6F /* AVFoundation.framework in Frameworks */ = {isa = PBXBuildFile; fileRef = 973E4BE51BD591080083EE47 /* AVFoundation.framework */; };
		97CFB2E21BF29ADD004C8E6F /* GameKit.framework in Frameworks */ = {isa = PBXBuildFile; fileRef = 973E4BE71BD5910E0083EE47 /* GameKit.framework */; };
		97CFB2E31BF29AE5004C8E6F /* OpenAL.framework in Frameworks */ = {isa = PBXBuildFile; fileRef = 973E4BE91BD591140083EE47 /* OpenAL.framework */; };
		97CFB2E41BF29AEC004C8E6F /* OpenGLES.framework in Frameworks */ = {isa = PBXBuildFile; fileRef = 973E4BEB1BD5911A0083EE47 /* OpenGLES.framework */; };
		97CFB2E51BF29AF0004C8E6F /* QuartzCore.framework in Frameworks */ = {isa = PBXBuildFile; fileRef = 973E4BED1BD591200083EE47 /* QuartzCore.framework */; };
		97D06C2F1C3015AF006B72A2 /* MainMenu.m in Sources */ = {isa = PBXBuildFile; fileRef = 97D06C2E1C3015AF006B72A2 /* MainMenu.m */; };
		97D06C331C301973006B72A2 /* SettingsMenu.m in Sources */ = {isa = PBXBuildFile; fileRef = 97D06C321C301973006B72A2 /* SettingsMenu.m */; };
		97D073B31C35E69B00AAC880 /* Shoot.wav in Resources */ = {isa = PBXBuildFile; fileRef = 97D073B21C35E69B00AAC880 /* Shoot.wav */; };
		97D073B71C35E6AA00AAC880 /* Blip.wav in Resources */ = {isa = PBXBuildFile; fileRef = 97D073B41C35E6AA00AAC880 /* Blip.wav */; };
		97D073B81C35E6AA00AAC880 /* Coin.wav in Resources */ = {isa = PBXBuildFile; fileRef = 97D073B51C35E6AA00AAC880 /* Coin.wav */; };
		97D073B91C35E6AA00AAC880 /* Explosion.wav in Resources */ = {isa = PBXBuildFile; fileRef = 97D073B61C35E6AA00AAC880 /* Explosion.wav */; };
		97D073C21C36126200AAC880 /* Hit.wav in Resources */ = {isa = PBXBuildFile; fileRef = 97D073C11C36126200AAC880 /* Hit.wav */; };
		97D496271C569395003FFA3B /* Platform.png in Resources */ = {isa = PBXBuildFile; fileRef = 97D496251C569395003FFA3B /* Platform.png */; };
		97D4962C1C569FAC003FFA3B /* PlayerPhysics.m in Sources */ = {isa = PBXBuildFile; fileRef = 97D4962B1C569FAC003FFA3B /* PlayerPhysics.m */; };
		97D496331C56EAC6003FFA3B /* LevelGenerator.m in Sources */ = {isa = PBXBuildFile; fileRef = 97D496321C56EAC6003FFA3B /* LevelGenerator.m */; };
		97DA25501C59CD7800EF039E /* Sphere.obj in Resources */ = {isa = PBXBuildFile; fileRef = 97DA254F1C59CD7800EF039E /* Sphere.obj */; };
		97DB5CD31C26CE74008E678F /* ButtonText.m in Sources */ = {isa = PBXBuildFile; fileRef = 97DB5CD21C26CE74008E678F /* ButtonText.m */; };
		97DB5CD71C26D856008E678F /* BitBold.bmp in Resources */ = {isa = PBXBuildFile; fileRef = 97DB5CD61C26D856008E678F /* BitBold.bmp */; };
		97DCC5951C3190A4005B2599 /* CreditsMenu.m in Sources */ = {isa = PBXBuildFile; fileRef = 97DCC5941C3190A4005B2599 /* CreditsMenu.m */; };
/* End PBXBuildFile section */

/* Begin PBXContainerItemProxy section */
		97D058491BF533E7001D6E87 /* PBXContainerItemProxy */ = {
			isa = PBXContainerItemProxy;
			containerPortal = 97D058441BF533E6001D6E87 /* Engine.xcodeproj */;
			proxyType = 2;
			remoteGlobalIDString = 97D0582A1BF533E6001D6E87;
			remoteInfo = Engine;
		};
		97D0584D1BF5341A001D6E87 /* PBXContainerItemProxy */ = {
			isa = PBXContainerItemProxy;
			containerPortal = 97D058441BF533E6001D6E87 /* Engine.xcodeproj */;
			proxyType = 1;
			remoteGlobalIDString = 97D058291BF533E6001D6E87;
			remoteInfo = Engine;
		};
/* End PBXContainerItemProxy section */

/* Begin PBXFileReference section */
		973E4BB81BD590710083EE47 /* Glomero.app */ = {isa = PBXFileReference; explicitFileType = wrapper.application; includeInIndex = 0; path = Glomero.app; sourceTree = BUILT_PRODUCTS_DIR; };
		973E4BBC1BD590710083EE47 /* Info.plist */ = {isa = PBXFileReference; lastKnownFileType = text.plist.xml; path = Info.plist; sourceTree = "<group>"; };
		973E4BBD1BD590710083EE47 /* main.m */ = {isa = PBXFileReference; lastKnownFileType = sourcecode.c.objc; path = main.m; sourceTree = "<group>"; };
		973E4BC81BD590710083EE47 /* Images.xcassets */ = {isa = PBXFileReference; lastKnownFileType = folder.assetcatalog; path = Images.xcassets; sourceTree = "<group>"; };
		973E4BE11BD590D80083EE47 /* libXNI.a */ = {isa = PBXFileReference; lastKnownFileType = archive.ar; name = libXNI.a; path = XNI/libXNI.a; sourceTree = "<group>"; };
		973E4BE31BD591030083EE47 /* AudioToolbox.framework */ = {isa = PBXFileReference; lastKnownFileType = wrapper.framework; name = AudioToolbox.framework; path = System/Library/Frameworks/AudioToolbox.framework; sourceTree = SDKROOT; };
		973E4BE51BD591080083EE47 /* AVFoundation.framework */ = {isa = PBXFileReference; lastKnownFileType = wrapper.framework; name = AVFoundation.framework; path = System/Library/Frameworks/AVFoundation.framework; sourceTree = SDKROOT; };
		973E4BE71BD5910E0083EE47 /* GameKit.framework */ = {isa = PBXFileReference; lastKnownFileType = wrapper.framework; name = GameKit.framework; path = System/Library/Frameworks/GameKit.framework; sourceTree = SDKROOT; };
		973E4BE91BD591140083EE47 /* OpenAL.framework */ = {isa = PBXFileReference; lastKnownFileType = wrapper.framework; name = OpenAL.framework; path = System/Library/Frameworks/OpenAL.framework; sourceTree = SDKROOT; };
		973E4BEB1BD5911A0083EE47 /* OpenGLES.framework */ = {isa = PBXFileReference; lastKnownFileType = wrapper.framework; name = OpenGLES.framework; path = System/Library/Frameworks/OpenGLES.framework; sourceTree = SDKROOT; };
		973E4BED1BD591200083EE47 /* QuartzCore.framework */ = {isa = PBXFileReference; lastKnownFileType = wrapper.framework; name = QuartzCore.framework; path = System/Library/Frameworks/QuartzCore.framework; sourceTree = SDKROOT; };
		973E4BF01BD5918F0083EE47 /* Glomero.h */ = {isa = PBXFileReference; fileEncoding = 4; lastKnownFileType = sourcecode.c.h; path = Glomero.h; sourceTree = "<group>"; };
		973E4BF11BD5918F0083EE47 /* Glomero.m */ = {isa = PBXFileReference; fileEncoding = 4; lastKnownFileType = sourcecode.c.objc; path = Glomero.m; sourceTree = "<group>"; };
		973E4BF41BD5949B0083EE47 /* CoreGraphics.framework */ = {isa = PBXFileReference; lastKnownFileType = wrapper.framework; name = CoreGraphics.framework; path = System/Library/Frameworks/CoreGraphics.framework; sourceTree = SDKROOT; };
		973E4BF61BD594A30083EE47 /* UIKit.framework */ = {isa = PBXFileReference; lastKnownFileType = wrapper.framework; name = UIKit.framework; path = System/Library/Frameworks/UIKit.framework; sourceTree = SDKROOT; };
		973E4BF81BD594A90083EE47 /* Foundation.framework */ = {isa = PBXFileReference; lastKnownFileType = wrapper.framework; name = Foundation.framework; path = System/Library/Frameworks/Foundation.framework; sourceTree = SDKROOT; };
		9756490F1C4995D900463F95 /* Dirt.png */ = {isa = PBXFileReference; lastKnownFileType = image.png; name = Dirt.png; path = Glomero/Dirt.png; sourceTree = "<group>"; };
		975649111C49A8AC00463F95 /* Rotate.h */ = {isa = PBXFileReference; fileEncoding = 4; lastKnownFileType = sourcecode.c.h; path = Rotate.h; sourceTree = "<group>"; };
		975649121C49A8AC00463F95 /* Rotate.m */ = {isa = PBXFileReference; fileEncoding = 4; lastKnownFileType = sourcecode.c.objc; path = Rotate.m; sourceTree = "<group>"; };
		975649141C49AD9B00463F95 /* MeshFactory.h */ = {isa = PBXFileReference; fileEncoding = 4; lastKnownFileType = sourcecode.c.h; path = MeshFactory.h; sourceTree = "<group>"; };
		975649151C49AD9B00463F95 /* MeshFactory.m */ = {isa = PBXFileReference; fileEncoding = 4; lastKnownFileType = sourcecode.c.objc; path = MeshFactory.m; sourceTree = "<group>"; };
		97CD39121C1CEDDD008870FB /* Entities.atlas */ = {isa = PBXFileReference; fileEncoding = 4; lastKnownFileType = text; name = Entities.atlas; path = Glomero/Entities.atlas; sourceTree = "<group>"; };
		97CD39131C1CEDDD008870FB /* Entities.png */ = {isa = PBXFileReference; lastKnownFileType = image.png; name = Entities.png; path = Glomero/Entities.png; sourceTree = "<group>"; };
		97CD391A1C1D0F49008870FB /* World.atlas */ = {isa = PBXFileReference; fileEncoding = 4; lastKnownFileType = text; name = World.atlas; path = Glomero/World.atlas; sourceTree = "<group>"; };
		97CD391B1C1D0F49008870FB /* World.png */ = {isa = PBXFileReference; lastKnownFileType = image.png; name = World.png; path = Glomero/World.png; sourceTree = "<group>"; };
		97CDE2181C1957140020D969 /* Constants.h */ = {isa = PBXFileReference; lastKnownFileType = sourcecode.c.h; path = Constants.h; sourceTree = "<group>"; };
		97CDFCAD1BF8E85C00434CDF /* TINR.Glomero.classes.h */ = {isa = PBXFileReference; lastKnownFileType = sourcecode.c.h; path = TINR.Glomero.classes.h; sourceTree = "<group>"; };
		97CDFCAE1BF8E87700434CDF /* TINR.Glomero.h */ = {isa = PBXFileReference; lastKnownFileType = sourcecode.c.h; path = TINR.Glomero.h; sourceTree = "<group>"; };
		97CE062D1C571317005C81C4 /* CameraFollow.h */ = {isa = PBXFileReference; fileEncoding = 4; lastKnownFileType = sourcecode.c.h; path = CameraFollow.h; sourceTree = "<group>"; };
		97CE062E1C571317005C81C4 /* CameraFollow.m */ = {isa = PBXFileReference; fileEncoding = 4; lastKnownFileType = sourcecode.c.objc; path = CameraFollow.m; sourceTree = "<group>"; };
		97CE06301C5715D0005C81C4 /* SectionFactory.h */ = {isa = PBXFileReference; fileEncoding = 4; lastKnownFileType = sourcecode.c.h; path = SectionFactory.h; sourceTree = "<group>"; };
		97CE06311C5715D0005C81C4 /* SectionFactory.m */ = {isa = PBXFileReference; fileEncoding = 4; lastKnownFileType = sourcecode.c.objc; path = SectionFactory.m; sourceTree = "<group>"; };
		97CE06431C576B56005C81C4 /* PlayerInput.h */ = {isa = PBXFileReference; fileEncoding = 4; lastKnownFileType = sourcecode.c.h; path = PlayerInput.h; sourceTree = "<group>"; };
		97CE06441C576B56005C81C4 /* PlayerInput.m */ = {isa = PBXFileReference; fileEncoding = 4; lastKnownFileType = sourcecode.c.objc; path = PlayerInput.m; sourceTree = "<group>"; };
		97CEA78F1C55AA8100810EAC /* Sphere.png */ = {isa = PBXFileReference; lastKnownFileType = image.png; name = Sphere.png; path = Glomero/Sphere.png; sourceTree = "<group>"; };
		97CEA7951C55ECDE00810EAC /* UI.atlas */ = {isa = PBXFileReference; fileEncoding = 4; lastKnownFileType = text; name = UI.atlas; path = Glomero/UI.atlas; sourceTree = "<group>"; };
		97CEA7961C55ECDE00810EAC /* UI.png */ = {isa = PBXFileReference; lastKnownFileType = image.png; name = UI.png; path = Glomero/UI.png; sourceTree = "<group>"; };
		97CF5F211C5B70F900E3C1EE /* GameOver.h */ = {isa = PBXFileReference; fileEncoding = 4; lastKnownFileType = sourcecode.c.h; path = GameOver.h; sourceTree = "<group>"; };
		97CF5F221C5B70F900E3C1EE /* GameOver.m */ = {isa = PBXFileReference; fileEncoding = 4; lastKnownFileType = sourcecode.c.objc; path = GameOver.m; sourceTree = "<group>"; };
		97CF5F241C5B71B100E3C1EE /* GamePlay.h */ = {isa = PBXFileReference; fileEncoding = 4; lastKnownFileType = sourcecode.c.h; path = GamePlay.h; sourceTree = "<group>"; };
		97CF5F251C5B71B100E3C1EE /* GamePlay.m */ = {isa = PBXFileReference; fileEncoding = 4; lastKnownFileType = sourcecode.c.objc; path = GamePlay.m; sourceTree = "<group>"; };
		97D058441BF533E6001D6E87 /* Engine.xcodeproj */ = {isa = PBXFileReference; lastKnownFileType = "wrapper.pb-project"; name = Engine.xcodeproj; path = Engine/Engine.xcodeproj; sourceTree = "<group>"; };
		97D06C2D1C3015AF006B72A2 /* MainMenu.h */ = {isa = PBXFileReference; fileEncoding = 4; lastKnownFileType = sourcecode.c.h; path = MainMenu.h; sourceTree = "<group>"; };
		97D06C2E1C3015AF006B72A2 /* MainMenu.m */ = {isa = PBXFileReference; fileEncoding = 4; lastKnownFileType = sourcecode.c.objc; path = MainMenu.m; sourceTree = "<group>"; };
		97D06C311C301973006B72A2 /* SettingsMenu.h */ = {isa = PBXFileReference; fileEncoding = 4; lastKnownFileType = sourcecode.c.h; path = SettingsMenu.h; sourceTree = "<group>"; };
		97D06C321C301973006B72A2 /* SettingsMenu.m */ = {isa = PBXFileReference; fileEncoding = 4; lastKnownFileType = sourcecode.c.objc; path = SettingsMenu.m; sourceTree = "<group>"; };
		97D073B21C35E69B00AAC880 /* Shoot.wav */ = {isa = PBXFileReference; lastKnownFileType = audio.wav; name = Shoot.wav; path = Glomero/Shoot.wav; sourceTree = "<group>"; };
		97D073B41C35E6AA00AAC880 /* Blip.wav */ = {isa = PBXFileReference; lastKnownFileType = audio.wav; name = Blip.wav; path = Glomero/Blip.wav; sourceTree = "<group>"; };
		97D073B51C35E6AA00AAC880 /* Coin.wav */ = {isa = PBXFileReference; lastKnownFileType = audio.wav; name = Coin.wav; path = Glomero/Coin.wav; sourceTree = "<group>"; };
		97D073B61C35E6AA00AAC880 /* Explosion.wav */ = {isa = PBXFileReference; lastKnownFileType = audio.wav; name = Explosion.wav; path = Glomero/Explosion.wav; sourceTree = "<group>"; };
		97D073C11C36126200AAC880 /* Hit.wav */ = {isa = PBXFileReference; lastKnownFileType = audio.wav; name = Hit.wav; path = Glomero/Hit.wav; sourceTree = "<group>"; };
		97D496251C569395003FFA3B /* Platform.png */ = {isa = PBXFileReference; lastKnownFileType = image.png; name = Platform.png; path = Glomero/Platform.png; sourceTree = "<group>"; };
		97D4962A1C569FAC003FFA3B /* PlayerPhysics.h */ = {isa = PBXFileReference; fileEncoding = 4; lastKnownFileType = sourcecode.c.h; path = PlayerPhysics.h; sourceTree = "<group>"; };
		97D4962B1C569FAC003FFA3B /* PlayerPhysics.m */ = {isa = PBXFileReference; fileEncoding = 4; lastKnownFileType = sourcecode.c.objc; path = PlayerPhysics.m; sourceTree = "<group>"; };
		97D496311C56EAC6003FFA3B /* LevelGenerator.h */ = {isa = PBXFileReference; fileEncoding = 4; lastKnownFileType = sourcecode.c.h; path = LevelGenerator.h; sourceTree = "<group>"; };
		97D496321C56EAC6003FFA3B /* LevelGenerator.m */ = {isa = PBXFileReference; fileEncoding = 4; lastKnownFileType = sourcecode.c.objc; path = LevelGenerator.m; sourceTree = "<group>"; };
		97D85CD51C093C2A001EFE5F /* MainScene.h */ = {isa = PBXFileReference; fileEncoding = 4; lastKnownFileType = sourcecode.c.h; path = MainScene.h; sourceTree = "<group>"; };
		97D85CD61C093C2A001EFE5F /* MainScene.m */ = {isa = PBXFileReference; fileEncoding = 4; lastKnownFileType = sourcecode.c.objc; path = MainScene.m; sourceTree = "<group>"; };
		97DA254F1C59CD7800EF039E /* Sphere.obj */ = {isa = PBXFileReference; fileEncoding = 4; lastKnownFileType = text; name = Sphere.obj; path = Glomero/Sphere.obj; sourceTree = "<group>"; };
		97DB5CD11C26CE74008E678F /* ButtonText.h */ = {isa = PBXFileReference; fileEncoding = 4; lastKnownFileType = sourcecode.c.h; path = ButtonText.h; sourceTree = "<group>"; };
		97DB5CD21C26CE74008E678F /* ButtonText.m */ = {isa = PBXFileReference; fileEncoding = 4; lastKnownFileType = sourcecode.c.objc; path = ButtonText.m; sourceTree = "<group>"; };
		97DB5CD61C26D856008E678F /* BitBold.bmp */ = {isa = PBXFileReference; lastKnownFileType = image.bmp; name = BitBold.bmp; path = Glomero/BitBold.bmp; sourceTree = "<group>"; };
		97DCC5931C3190A4005B2599 /* CreditsMenu.h */ = {isa = PBXFileReference; fileEncoding = 4; lastKnownFileType = sourcecode.c.h; path = CreditsMenu.h; sourceTree = "<group>"; };
		97DCC5941C3190A4005B2599 /* CreditsMenu.m */ = {isa = PBXFileReference; fileEncoding = 4; lastKnownFileType = sourcecode.c.objc; path = CreditsMenu.m; sourceTree = "<group>"; };
/* End PBXFileReference section */

/* Begin PBXFrameworksBuildPhase section */
		973E4BB51BD590710083EE47 /* Frameworks */ = {
			isa = PBXFrameworksBuildPhase;
			buildActionMask = 2147483647;
			files = (
				97CDD8B11C501A8E0067AB10 /* libEngine.a in Frameworks */,
				97CFB2E51BF29AF0004C8E6F /* QuartzCore.framework in Frameworks */,
				97CFB2E41BF29AEC004C8E6F /* OpenGLES.framework in Frameworks */,
				97CFB2E31BF29AE5004C8E6F /* OpenAL.framework in Frameworks */,
				97CFB2E21BF29ADD004C8E6F /* GameKit.framework in Frameworks */,
				97CFB2E11BF29AD7004C8E6F /* AVFoundation.framework in Frameworks */,
				97CFB2E01BF29AD0004C8E6F /* AudioToolbox.framework in Frameworks */,
				97CFB2DF1BF29ABD004C8E6F /* libXNI.a in Frameworks */,
			);
			runOnlyForDeploymentPostprocessing = 0;
		};
/* End PBXFrameworksBuildPhase section */

/* Begin PBXGroup section */
		973E4BAF1BD590710083EE47 = {
			isa = PBXGroup;
			children = (
				97D058441BF533E6001D6E87 /* Engine.xcodeproj */,
				97CDFCB31BF8EA8100434CDF /* Assets */,
				973E4BEF1BD591460083EE47 /* Frameworks */,
				973E4BBA1BD590710083EE47 /* Glomero */,
				973E4BB91BD590710083EE47 /* Products */,
			);
			sourceTree = "<group>";
		};
		973E4BB91BD590710083EE47 /* Products */ = {
			isa = PBXGroup;
			children = (
				973E4BB81BD590710083EE47 /* Glomero.app */,
			);
			name = Products;
			sourceTree = "<group>";
		};
		973E4BBA1BD590710083EE47 /* Glomero */ = {
			isa = PBXGroup;
			children = (
				973E4BF31BD591970083EE47 /* Classes */,
				973E4BC81BD590710083EE47 /* Images.xcassets */,
				973E4BBB1BD590710083EE47 /* Supporting Files */,
				97CDFCAD1BF8E85C00434CDF /* TINR.Glomero.classes.h */,
				97CDFCAE1BF8E87700434CDF /* TINR.Glomero.h */,
			);
			path = Glomero;
			sourceTree = "<group>";
		};
		973E4BBB1BD590710083EE47 /* Supporting Files */ = {
			isa = PBXGroup;
			children = (
				973E4BBC1BD590710083EE47 /* Info.plist */,
				973E4BBD1BD590710083EE47 /* main.m */,
			);
			name = "Supporting Files";
			sourceTree = "<group>";
		};
		973E4BEF1BD591460083EE47 /* Frameworks */ = {
			isa = PBXGroup;
			children = (
				973E4BF81BD594A90083EE47 /* Foundation.framework */,
				973E4BF61BD594A30083EE47 /* UIKit.framework */,
				973E4BF41BD5949B0083EE47 /* CoreGraphics.framework */,
				973E4BED1BD591200083EE47 /* QuartzCore.framework */,
				973E4BEB1BD5911A0083EE47 /* OpenGLES.framework */,
				973E4BE91BD591140083EE47 /* OpenAL.framework */,
				973E4BE71BD5910E0083EE47 /* GameKit.framework */,
				973E4BE51BD591080083EE47 /* AVFoundation.framework */,
				973E4BE31BD591030083EE47 /* AudioToolbox.framework */,
				973E4BE11BD590D80083EE47 /* libXNI.a */,
			);
			name = Frameworks;
			sourceTree = "<group>";
		};
		973E4BF31BD591970083EE47 /* Classes */ = {
			isa = PBXGroup;
			children = (
				97D496301C56EAB1003FFA3B /* Level */,
				97D496291C569F9C003FFA3B /* Player */,
				97D06C301C30192F006B72A2 /* Menu */,
				973E4BF01BD5918F0083EE47 /* Glomero.h */,
				973E4BF11BD5918F0083EE47 /* Glomero.m */,
				97D85CD51C093C2A001EFE5F /* MainScene.h */,
				97D85CD61C093C2A001EFE5F /* MainScene.m */,
				97CDE2181C1957140020D969 /* Constants.h */,
				97DB5CD11C26CE74008E678F /* ButtonText.h */,
				97DB5CD21C26CE74008E678F /* ButtonText.m */,
				975649111C49A8AC00463F95 /* Rotate.h */,
				975649121C49A8AC00463F95 /* Rotate.m */,
				975649141C49AD9B00463F95 /* MeshFactory.h */,
				975649151C49AD9B00463F95 /* MeshFactory.m */,
				97CF5F241C5B71B100E3C1EE /* GamePlay.h */,
				97CF5F251C5B71B100E3C1EE /* GamePlay.m */,
			);
			name = Classes;
			sourceTree = "<group>";
		};
		97CDFCB31BF8EA8100434CDF /* Assets */ = {
			isa = PBXGroup;
			children = (
				97D073B41C35E6AA00AAC880 /* Blip.wav */,
				97D496251C569395003FFA3B /* Platform.png */,
				97CEA78F1C55AA8100810EAC /* Sphere.png */,
				9756490F1C4995D900463F95 /* Dirt.png */,
				97D073B51C35E6AA00AAC880 /* Coin.wav */,
				97CEA7951C55ECDE00810EAC /* UI.atlas */,
				97CEA7961C55ECDE00810EAC /* UI.png */,
				97D073B61C35E6AA00AAC880 /* Explosion.wav */,
				97D073C11C36126200AAC880 /* Hit.wav */,
				97D073B21C35E69B00AAC880 /* Shoot.wav */,
				97CD391A1C1D0F49008870FB /* World.atlas */,
				97DB5CD61C26D856008E678F /* BitBold.bmp */,
				97CD391B1C1D0F49008870FB /* World.png */,
				97DA254F1C59CD7800EF039E /* Sphere.obj */,
				97CD39121C1CEDDD008870FB /* Entities.atlas */,
				97CD39131C1CEDDD008870FB /* Entities.png */,
			);
			name = Assets;
			sourceTree = "<group>";
		};
		97D058451BF533E6001D6E87 /* Products */ = {
			isa = PBXGroup;
			children = (
				97D0584A1BF533E7001D6E87 /* libEngine.a */,
			);
			name = Products;
			sourceTree = "<group>";
		};
		97D06C301C30192F006B72A2 /* Menu */ = {
			isa = PBXGroup;
			children = (
				97D06C2D1C3015AF006B72A2 /* MainMenu.h */,
				97D06C2E1C3015AF006B72A2 /* MainMenu.m */,
				97D06C311C301973006B72A2 /* SettingsMenu.h */,
				97D06C321C301973006B72A2 /* SettingsMenu.m */,
				97DCC5931C3190A4005B2599 /* CreditsMenu.h */,
				97DCC5941C3190A4005B2599 /* CreditsMenu.m */,
				97CF5F211C5B70F900E3C1EE /* GameOver.h */,
				97CF5F221C5B70F900E3C1EE /* GameOver.m */,
			);
			name = Menu;
			sourceTree = "<group>";
		};
		97D496291C569F9C003FFA3B /* Player */ = {
			isa = PBXGroup;
			children = (
				97D4962A1C569FAC003FFA3B /* PlayerPhysics.h */,
				97D4962B1C569FAC003FFA3B /* PlayerPhysics.m */,
				97CE062D1C571317005C81C4 /* CameraFollow.h */,
				97CE062E1C571317005C81C4 /* CameraFollow.m */,
				97CE06431C576B56005C81C4 /* PlayerInput.h */,
				97CE06441C576B56005C81C4 /* PlayerInput.m */,
			);
			name = Player;
			sourceTree = "<group>";
		};
		97D496301C56EAB1003FFA3B /* Level */ = {
			isa = PBXGroup;
			children = (
				97D496311C56EAC6003FFA3B /* LevelGenerator.h */,
				97D496321C56EAC6003FFA3B /* LevelGenerator.m */,
				97CE06301C5715D0005C81C4 /* SectionFactory.h */,
				97CE06311C5715D0005C81C4 /* SectionFactory.m */,
			);
			name = Level;
			sourceTree = "<group>";
		};
/* End PBXGroup section */

/* Begin PBXNativeTarget section */
		973E4BB71BD590710083EE47 /* Glomero */ = {
			isa = PBXNativeTarget;
			buildConfigurationList = 973E4BDB1BD590710083EE47 /* Build configuration list for PBXNativeTarget "Glomero" */;
			buildPhases = (
				973E4BB41BD590710083EE47 /* Sources */,
				973E4BB51BD590710083EE47 /* Frameworks */,
				973E4BB61BD590710083EE47 /* Resources */,
			);
			buildRules = (
			);
			dependencies = (
				97D0584E1BF5341A001D6E87 /* PBXTargetDependency */,
			);
			name = Glomero;
			productName = Glomero;
			productReference = 973E4BB81BD590710083EE47 /* Glomero.app */;
			productType = "com.apple.product-type.application";
		};
/* End PBXNativeTarget section */

/* Begin PBXProject section */
		973E4BB01BD590710083EE47 /* Project object */ = {
			isa = PBXProject;
			attributes = {
				LastUpgradeCheck = 0640;
				ORGANIZATIONNAME = Gameteam;
				TargetAttributes = {
					973E4BB71BD590710083EE47 = {
						CreatedOnToolsVersion = 6.4;
					};
				};
			};
			buildConfigurationList = 973E4BB31BD590710083EE47 /* Build configuration list for PBXProject "Glomero" */;
			compatibilityVersion = "Xcode 3.2";
			developmentRegion = English;
			hasScannedForEncodings = 0;
			knownRegions = (
				en,
				Base,
			);
			mainGroup = 973E4BAF1BD590710083EE47;
			productRefGroup = 973E4BB91BD590710083EE47 /* Products */;
			projectDirPath = "";
			projectReferences = (
				{
					ProductGroup = 97D058451BF533E6001D6E87 /* Products */;
					ProjectRef = 97D058441BF533E6001D6E87 /* Engine.xcodeproj */;
				},
			);
			projectRoot = "";
			targets = (
				973E4BB71BD590710083EE47 /* Glomero */,
			);
		};
/* End PBXProject section */

/* Begin PBXReferenceProxy section */
		97D0584A1BF533E7001D6E87 /* libEngine.a */ = {
			isa = PBXReferenceProxy;
			fileType = archive.ar;
			path = libEngine.a;
			remoteRef = 97D058491BF533E7001D6E87 /* PBXContainerItemProxy */;
			sourceTree = BUILT_PRODUCTS_DIR;
		};
/* End PBXReferenceProxy section */

/* Begin PBXResourcesBuildPhase section */
		973E4BB61BD590710083EE47 /* Resources */ = {
			isa = PBXResourcesBuildPhase;
			buildActionMask = 2147483647;
			files = (
				97D073B71C35E6AA00AAC880 /* Blip.wav in Resources */,
				975649101C4995D900463F95 /* Dirt.png in Resources */,
				97DA25501C59CD7800EF039E /* Sphere.obj in Resources */,
				97D073B91C35E6AA00AAC880 /* Explosion.wav in Resources */,
				97D496271C569395003FFA3B /* Platform.png in Resources */,
				97CEA7901C55AA8100810EAC /* Sphere.png in Resources */,
				97DB5CD71C26D856008E678F /* BitBold.bmp in Resources */,
				97CD39151C1CEDDD008870FB /* Entities.png in Resources */,
				97CD39141C1CEDDD008870FB /* Entities.atlas in Resources */,
				97CEA7981C55ECDE00810EAC /* UI.png in Resources */,
				97CEA7971C55ECDE00810EAC /* UI.atlas in Resources */,
				97CD391C1C1D0F49008870FB /* World.atlas in Resources */,
				97D073B81C35E6AA00AAC880 /* Coin.wav in Resources */,
				97D073C21C36126200AAC880 /* Hit.wav in Resources */,
				97CD391D1C1D0F49008870FB /* World.png in Resources */,
				973E4BC91BD590710083EE47 /* Images.xcassets in Resources */,
				97D073B31C35E69B00AAC880 /* Shoot.wav in Resources */,
			);
			runOnlyForDeploymentPostprocessing = 0;
		};
/* End PBXResourcesBuildPhase section */

/* Begin PBXSourcesBuildPhase section */
		973E4BB41BD590710083EE47 /* Sources */ = {
			isa = PBXSourcesBuildPhase;
			buildActionMask = 2147483647;
			files = (
				97CD61141C1AA183006D301C /* main.m in Sources */,
				97CF5F261C5B71B100E3C1EE /* GamePlay.m in Sources */,
				975649161C49AD9B00463F95 /* MeshFactory.m in Sources */,
				975649131C49A8AC00463F95 /* Rotate.m in Sources */,
				97CE062F1C571317005C81C4 /* CameraFollow.m in Sources */,
				97CD610D1C1AA177006D301C /* Glomero.h in Sources */,
				97CD610E1C1AA177006D301C /* Glomero.m in Sources */,
				97CD610F1C1AA177006D301C /* MainScene.h in Sources */,
				97D06C331C301973006B72A2 /* SettingsMenu.m in Sources */,
				97CF5F231C5B70F900E3C1EE /* GameOver.m in Sources */,
				97CE06321C5715D0005C81C4 /* SectionFactory.m in Sources */,
				97CD61101C1AA177006D301C /* MainScene.m in Sources */,
				97D06C2F1C3015AF006B72A2 /* MainMenu.m in Sources */,
				97CD61131C1AA177006D301C /* Constants.h in Sources */,
				97D4962C1C569FAC003FFA3B /* PlayerPhysics.m in Sources */,
				97DCC5951C3190A4005B2599 /* CreditsMenu.m in Sources */,
				97D496331C56EAC6003FFA3B /* LevelGenerator.m in Sources */,
				97CE06451C576B56005C81C4 /* PlayerInput.m in Sources */,
				97DB5CD31C26CE74008E678F /* ButtonText.m in Sources */,
			);
			runOnlyForDeploymentPostprocessing = 0;
		};
/* End PBXSourcesBuildPhase section */

/* Begin PBXTargetDependency section */
		97D0584E1BF5341A001D6E87 /* PBXTargetDependency */ = {
			isa = PBXTargetDependency;
			name = Engine;
			targetProxy = 97D0584D1BF5341A001D6E87 /* PBXContainerItemProxy */;
		};
/* End PBXTargetDependency section */

/* Begin XCBuildConfiguration section */
		973E4BD91BD590710083EE47 /* Debug */ = {
			isa = XCBuildConfiguration;
			buildSettings = {
				ALWAYS_SEARCH_USER_PATHS = NO;
				CLANG_CXX_LANGUAGE_STANDARD = "gnu++0x";
				CLANG_CXX_LIBRARY = "libc++";
				CLANG_ENABLE_MODULES = YES;
				CLANG_ENABLE_OBJC_ARC = YES;
				CLANG_WARN_BOOL_CONVERSION = YES;
				CLANG_WARN_CONSTANT_CONVERSION = YES;
				CLANG_WARN_DIRECT_OBJC_ISA_USAGE = YES_ERROR;
				CLANG_WARN_EMPTY_BODY = YES;
				CLANG_WARN_ENUM_CONVERSION = YES;
				CLANG_WARN_INT_CONVERSION = YES;
				CLANG_WARN_OBJC_ROOT_CLASS = YES_ERROR;
				CLANG_WARN_UNREACHABLE_CODE = YES;
				CLANG_WARN__DUPLICATE_METHOD_MATCH = YES;
				"CODE_SIGN_IDENTITY[sdk=iphoneos*]" = "iPhone Developer";
				COPY_PHASE_STRIP = NO;
				DEBUG_INFORMATION_FORMAT = "dwarf-with-dsym";
				ENABLE_STRICT_OBJC_MSGSEND = YES;
				GCC_C_LANGUAGE_STANDARD = gnu99;
				GCC_DYNAMIC_NO_PIC = NO;
				GCC_NO_COMMON_BLOCKS = YES;
				GCC_OPTIMIZATION_LEVEL = 0;
				GCC_PREPROCESSOR_DEFINITIONS = (
					"DEBUG=1",
					"$(inherited)",
				);
				GCC_SYMBOLS_PRIVATE_EXTERN = NO;
				GCC_WARN_64_TO_32_BIT_CONVERSION = YES;
				GCC_WARN_ABOUT_RETURN_TYPE = YES_ERROR;
				GCC_WARN_UNDECLARED_SELECTOR = YES;
				GCC_WARN_UNINITIALIZED_AUTOS = YES_AGGRESSIVE;
				GCC_WARN_UNUSED_FUNCTION = YES;
				GCC_WARN_UNUSED_VARIABLE = YES;
				IPHONEOS_DEPLOYMENT_TARGET = 8.4;
				MTL_ENABLE_DEBUG_INFO = YES;
				ONLY_ACTIVE_ARCH = YES;
				OTHER_LDFLAGS = "-ObjC";
				SDKROOT = iphoneos;
				TARGETED_DEVICE_FAMILY = "1,2";
			};
			name = Debug;
		};
		973E4BDA1BD590710083EE47 /* Release */ = {
			isa = XCBuildConfiguration;
			buildSettings = {
				ALWAYS_SEARCH_USER_PATHS = NO;
				CLANG_CXX_LANGUAGE_STANDARD = "gnu++0x";
				CLANG_CXX_LIBRARY = "libc++";
				CLANG_ENABLE_MODULES = YES;
				CLANG_ENABLE_OBJC_ARC = YES;
				CLANG_WARN_BOOL_CONVERSION = YES;
				CLANG_WARN_CONSTANT_CONVERSION = YES;
				CLANG_WARN_DIRECT_OBJC_ISA_USAGE = YES_ERROR;
				CLANG_WARN_EMPTY_BODY = YES;
				CLANG_WARN_ENUM_CONVERSION = YES;
				CLANG_WARN_INT_CONVERSION = YES;
				CLANG_WARN_OBJC_ROOT_CLASS = YES_ERROR;
				CLANG_WARN_UNREACHABLE_CODE = YES;
				CLANG_WARN__DUPLICATE_METHOD_MATCH = YES;
				"CODE_SIGN_IDENTITY[sdk=iphoneos*]" = "iPhone Developer";
				COPY_PHASE_STRIP = NO;
				DEBUG_INFORMATION_FORMAT = "dwarf-with-dsym";
				ENABLE_NS_ASSERTIONS = NO;
				ENABLE_STRICT_OBJC_MSGSEND = YES;
				GCC_C_LANGUAGE_STANDARD = gnu99;
				GCC_NO_COMMON_BLOCKS = YES;
				GCC_WARN_64_TO_32_BIT_CONVERSION = YES;
				GCC_WARN_ABOUT_RETURN_TYPE = YES_ERROR;
				GCC_WARN_UNDECLARED_SELECTOR = YES;
				GCC_WARN_UNINITIALIZED_AUTOS = YES_AGGRESSIVE;
				GCC_WARN_UNUSED_FUNCTION = YES;
				GCC_WARN_UNUSED_VARIABLE = YES;
				IPHONEOS_DEPLOYMENT_TARGET = 8.4;
				MTL_ENABLE_DEBUG_INFO = NO;
				OTHER_LDFLAGS = "-ObjC";
				SDKROOT = iphoneos;
				TARGETED_DEVICE_FAMILY = "1,2";
				VALIDATE_PRODUCT = YES;
			};
			name = Release;
		};
		973E4BDC1BD590710083EE47 /* Debug */ = {
			isa = XCBuildConfiguration;
			buildSettings = {
				ASSETCATALOG_COMPILER_APPICON_NAME = AppIcon;
				CLANG_ENABLE_OBJC_ARC = YES;
				INFOPLIST_FILE = Glomero/Info.plist;
				IPHONEOS_DEPLOYMENT_TARGET = 7.1;
				LD_RUNPATH_SEARCH_PATHS = "$(inherited) @executable_path/Frameworks";
				LIBRARY_SEARCH_PATHS = (
					"$(inherited)",
					"$(PROJECT_DIR)/XNI",
					"$(PROJECT_DIR)/Engine",
					"$(USER_LIBRARY_DIR)/Developer/Xcode/DerivedData/Engine-cqpmyusetotcmdavrwnrwtqyzzbn/Build/Products/Debug-iphoneos",
					"$(PROJECT_DIR)",
				);
				OTHER_LDFLAGS = "";
				PRODUCT_NAME = "$(TARGET_NAME)";
				USER_HEADER_SEARCH_PATHS = "$(SRCROOT)/Engine/** $(SRCROOT)/XNI/** \"$(SRCROOT)/Artificial I\"/** $(SRCROOT)/Express/**";
			};
			name = Debug;
		};
		973E4BDD1BD590710083EE47 /* Release */ = {
			isa = XCBuildConfiguration;
			buildSettings = {
				ASSETCATALOG_COMPILER_APPICON_NAME = AppIcon;
				CLANG_ENABLE_OBJC_ARC = YES;
				INFOPLIST_FILE = Glomero/Info.plist;
				IPHONEOS_DEPLOYMENT_TARGET = 7.1;
				LD_RUNPATH_SEARCH_PATHS = "$(inherited) @executable_path/Frameworks";
				LIBRARY_SEARCH_PATHS = (
					"$(inherited)",
					"$(PROJECT_DIR)/XNI",
					"$(PROJECT_DIR)/Engine",
					"$(USER_LIBRARY_DIR)/Developer/Xcode/DerivedData/Engine-cqpmyusetotcmdavrwnrwtqyzzbn/Build/Products/Debug-iphoneos",
					"$(PROJECT_DIR)",
				);
				OTHER_LDFLAGS = "";
				PRODUCT_NAME = "$(TARGET_NAME)";
				USER_HEADER_SEARCH_PATHS = "$(SRCROOT)/Engine/** $(SRCROOT)/XNI/** \"$(SRCROOT)/Artificial I\"/** $(SRCROOT)/Express/**";
			};
			name = Release;
		};
/* End XCBuildConfiguration section */

/* Begin XCConfigurationList section */
		973E4BB31BD590710083EE47 /* Build configuration list for PBXProject "Glomero" */ = {
			isa = XCConfigurationList;
			buildConfigurations = (
				973E4BD91BD590710083EE47 /* Debug */,
				973E4BDA1BD590710083EE47 /* Release */,
			);
			defaultConfigurationIsVisible = 0;
			defaultConfigurationName = Release;
		};
		973E4BDB1BD590710083EE47 /* Build configuration list for PBXNativeTarget "Glomero" */ = {
			isa = XCConfigurationList;
			buildConfigurations = (
				973E4BDC1BD590710083EE47 /* Debug */,
				973E4BDD1BD590710083EE47 /* Release */,
			);
			defaultConfigurationIsVisible = 0;
			defaultConfigurationName = Release;
		};
/* End XCConfigurationList section */
	};
	rootObject = 973E4BB01BD590710083EE47 /* Project object */;
}
