// !$*UTF8*$!
{
	archiveVersion = 1;
	classes = {
	};
	objectVersion = 46;
	objects = {

/* Begin PBXBuildFile section */
		97D161B21C17C20800FBD297 /* libXNI.a in Frameworks */ = {isa = PBXBuildFile; fileRef = 7BCCB337184532F200006E4F /* libXNI.a */; };
		AA747D9F0F9514B9006C5449 /* Artificial_I_Prefix.pch in Headers */ = {isa = PBXBuildFile; fileRef = AA747D9E0F9514B9006C5449 /* Artificial_I_Prefix.pch */; };
		AACBBE4A0F95108600F1A2B1 /* Foundation.framework in Frameworks */ = {isa = PBXBuildFile; fileRef = AACBBE490F95108600F1A2B1 /* Foundation.framework */; };
		B505E68612A5E7EE0058E857 /* Artificial.Control.classes.h in Headers */ = {isa = PBXBuildFile; fileRef = B505E68512A5E7EE0058E857 /* Artificial.Control.classes.h */; settings = {ATTRIBUTES = (Public, ); }; };
		B505E68812A5E7FB0058E857 /* Artificial.Control.h in Headers */ = {isa = PBXBuildFile; fileRef = B505E68712A5E7FB0058E857 /* Artificial.Control.h */; settings = {ATTRIBUTES = (Public, ); }; };
		B505E68B12A5E8180058E857 /* TouchPanelHelper.h in Headers */ = {isa = PBXBuildFile; fileRef = B505E68912A5E8180058E857 /* TouchPanelHelper.h */; settings = {ATTRIBUTES = (Public, ); }; };
		B505E68C12A5E8180058E857 /* TouchPanelHelper.m in Sources */ = {isa = PBXBuildFile; fileRef = B505E68A12A5E8180058E857 /* TouchPanelHelper.m */; };
		B50768FC1264EDAC00E4474F /* FpsComponent.h in Headers */ = {isa = PBXBuildFile; fileRef = B50768FA1264EDAC00E4474F /* FpsComponent.h */; settings = {ATTRIBUTES = (Public, ); }; };
		B50768FD1264EDAC00E4474F /* FpsComponent.m in Sources */ = {isa = PBXBuildFile; fileRef = B50768FB1264EDAC00E4474F /* FpsComponent.m */; };
		B50769651264F27D00E4474F /* Artificial.Everywhere.classes.h in Headers */ = {isa = PBXBuildFile; fileRef = B50769641264F27D00E4474F /* Artificial.Everywhere.classes.h */; settings = {ATTRIBUTES = (Public, ); }; };
		B50769671264F29600E4474F /* Artificial.Everywhere.h in Headers */ = {isa = PBXBuildFile; fileRef = B50769661264F29600E4474F /* Artificial.Everywhere.h */; settings = {ATTRIBUTES = (Public, ); }; };
		B516D6E512AAA9D300BF0696 /* Fader.h in Headers */ = {isa = PBXBuildFile; fileRef = B516D6E312AAA9D300BF0696 /* Fader.h */; settings = {ATTRIBUTES = (Public, ); }; };
		B516D6E612AAA9D300BF0696 /* Fader.m in Sources */ = {isa = PBXBuildFile; fileRef = B516D6E412AAA9D300BF0696 /* Fader.m */; };
		B5227D9D126DA9DF0079FC24 /* Random.h in Headers */ = {isa = PBXBuildFile; fileRef = B5227D9B126DA9DF0079FC24 /* Random.h */; settings = {ATTRIBUTES = (Public, ); }; };
		B5227D9E126DA9DF0079FC24 /* Random.m in Sources */ = {isa = PBXBuildFile; fileRef = B5227D9C126DA9DF0079FC24 /* Random.m */; };
		B5ED4DC212BFBE5A00A58E29 /* Artificial.Mirage.h in Headers */ = {isa = PBXBuildFile; fileRef = B5ED4DC112BFBE5A00A58E29 /* Artificial.Mirage.h */; settings = {ATTRIBUTES = (Public, ); }; };
		B5ED4DC412BFBE6B00A58E29 /* Artificial.Mirage.classes.h in Headers */ = {isa = PBXBuildFile; fileRef = B5ED4DC312BFBE6B00A58E29 /* Artificial.Mirage.classes.h */; settings = {ATTRIBUTES = (Public, ); }; };
		B5ED4DC712BFC2CE00A58E29 /* Label.h in Headers */ = {isa = PBXBuildFile; fileRef = B5ED4DC512BFC2CE00A58E29 /* Label.h */; settings = {ATTRIBUTES = (Public, ); }; };
		B5ED4DC812BFC2CE00A58E29 /* Label.m in Sources */ = {isa = PBXBuildFile; fileRef = B5ED4DC612BFC2CE00A58E29 /* Label.m */; };
		B5F1BC291289ED2800E4FDD5 /* Artificial.Spectrum.h in Headers */ = {isa = PBXBuildFile; fileRef = B5F1BC281289ED2800E4FDD5 /* Artificial.Spectrum.h */; settings = {ATTRIBUTES = (Public, ); }; };
		B5F1BC2B1289ED3600E4FDD5 /* Artificial.Spectrum.classes.h in Headers */ = {isa = PBXBuildFile; fileRef = B5F1BC2A1289ED3600E4FDD5 /* Artificial.Spectrum.classes.h */; settings = {ATTRIBUTES = (Public, ); }; };
		B5F1BC2E1289ED4B00E4FDD5 /* PrimitiveBatch.h in Headers */ = {isa = PBXBuildFile; fileRef = B5F1BC2C1289ED4B00E4FDD5 /* PrimitiveBatch.h */; settings = {ATTRIBUTES = (Public, ); }; };
		B5F1BC2F1289ED4B00E4FDD5 /* PrimitiveBatch.m in Sources */ = {isa = PBXBuildFile; fileRef = B5F1BC2D1289ED4B00E4FDD5 /* PrimitiveBatch.m */; };
		B5F9A1A1127B3F0C00CBBDEF /* Rectangle+Extensions.h in Headers */ = {isa = PBXBuildFile; fileRef = B5F9A19F127B3F0C00CBBDEF /* Rectangle+Extensions.h */; settings = {ATTRIBUTES = (Public, ); }; };
		B5F9A1A2127B3F0C00CBBDEF /* Rectangle+Extensions.m in Sources */ = {isa = PBXBuildFile; fileRef = B5F9A1A0127B3F0C00CBBDEF /* Rectangle+Extensions.m */; };
		B5FA750612C0D311002DA3E7 /* MirageEnums.h in Headers */ = {isa = PBXBuildFile; fileRef = B5FA750512C0D304002DA3E7 /* MirageEnums.h */; settings = {ATTRIBUTES = (Public, ); }; };
		B5FA75F512C0EB3D002DA3E7 /* Image.h in Headers */ = {isa = PBXBuildFile; fileRef = B5FA75F312C0EB3D002DA3E7 /* Image.h */; settings = {ATTRIBUTES = (Public, ); }; };
		B5FA75F612C0EB3D002DA3E7 /* Image.m in Sources */ = {isa = PBXBuildFile; fileRef = B5FA75F412C0EB3D002DA3E7 /* Image.m */; };
/* End PBXBuildFile section */

/* Begin PBXContainerItemProxy section */
		B542793C127708790015E810 /* PBXContainerItemProxy */ = {
			isa = PBXContainerItemProxy;
			containerPortal = 0867D690FE84028FC02AAC07 /* Project object */;
			proxyType = 1;
			remoteGlobalIDString = D2AAC07D0554694100DB518D;
			remoteInfo = "Artificial I";
		};
/* End PBXContainerItemProxy section */

/* Begin PBXFileReference section */
		7BCCB337184532F200006E4F /* libXNI.a */ = {isa = PBXFileReference; lastKnownFileType = archive.ar; name = libXNI.a; path = ../XNI/libXNI.a; sourceTree = "<group>"; };
		97D1617A1C17B88C00FBD297 /* libXNI.a */ = {isa = PBXFileReference; lastKnownFileType = archive.ar; name = libXNI.a; path = ../../XNI/libXNI.a; sourceTree = "<group>"; };
		97D161911C17BA2C00FBD297 /* libXNI.a */ = {isa = PBXFileReference; lastKnownFileType = archive.ar; name = libXNI.a; path = ../../../XNI/libXNI.a; sourceTree = "<group>"; };
		AA747D9E0F9514B9006C5449 /* Artificial_I_Prefix.pch */ = {isa = PBXFileReference; fileEncoding = 4; lastKnownFileType = sourcecode.c.h; path = Artificial_I_Prefix.pch; sourceTree = SOURCE_ROOT; };
		AACBBE490F95108600F1A2B1 /* Foundation.framework */ = {isa = PBXFileReference; lastKnownFileType = wrapper.framework; name = Foundation.framework; path = System/Library/Frameworks/Foundation.framework; sourceTree = SDKROOT; };
		B505E68512A5E7EE0058E857 /* Artificial.Control.classes.h */ = {isa = PBXFileReference; fileEncoding = 4; lastKnownFileType = sourcecode.c.h; path = Artificial.Control.classes.h; sourceTree = "<group>"; };
		B505E68712A5E7FB0058E857 /* Artificial.Control.h */ = {isa = PBXFileReference; fileEncoding = 4; lastKnownFileType = sourcecode.c.h; path = Artificial.Control.h; sourceTree = "<group>"; };
		B505E68912A5E8180058E857 /* TouchPanelHelper.h */ = {isa = PBXFileReference; fileEncoding = 4; lastKnownFileType = sourcecode.c.h; path = TouchPanelHelper.h; sourceTree = "<group>"; };
		B505E68A12A5E8180058E857 /* TouchPanelHelper.m */ = {isa = PBXFileReference; fileEncoding = 4; lastKnownFileType = sourcecode.c.objc; path = TouchPanelHelper.m; sourceTree = "<group>"; };
		B50768FA1264EDAC00E4474F /* FpsComponent.h */ = {isa = PBXFileReference; fileEncoding = 4; lastKnownFileType = sourcecode.c.h; path = FpsComponent.h; sourceTree = "<group>"; };
		B50768FB1264EDAC00E4474F /* FpsComponent.m */ = {isa = PBXFileReference; fileEncoding = 4; lastKnownFileType = sourcecode.c.objc; path = FpsComponent.m; sourceTree = "<group>"; };
		B50769641264F27D00E4474F /* Artificial.Everywhere.classes.h */ = {isa = PBXFileReference; fileEncoding = 4; lastKnownFileType = sourcecode.c.h; path = Artificial.Everywhere.classes.h; sourceTree = "<group>"; };
		B50769661264F29600E4474F /* Artificial.Everywhere.h */ = {isa = PBXFileReference; fileEncoding = 4; lastKnownFileType = sourcecode.c.h; path = Artificial.Everywhere.h; sourceTree = "<group>"; };
		B516D6E312AAA9D300BF0696 /* Fader.h */ = {isa = PBXFileReference; fileEncoding = 4; lastKnownFileType = sourcecode.c.h; path = Fader.h; sourceTree = "<group>"; };
		B516D6E412AAA9D300BF0696 /* Fader.m */ = {isa = PBXFileReference; fileEncoding = 4; lastKnownFileType = sourcecode.c.objc; path = Fader.m; sourceTree = "<group>"; };
		B5227D9B126DA9DF0079FC24 /* Random.h */ = {isa = PBXFileReference; fileEncoding = 4; lastKnownFileType = sourcecode.c.h; path = Random.h; sourceTree = "<group>"; };
		B5227D9C126DA9DF0079FC24 /* Random.m */ = {isa = PBXFileReference; fileEncoding = 4; lastKnownFileType = sourcecode.c.objc; path = Random.m; sourceTree = "<group>"; };
		B5742CCB1276E20D00993B4F /* libArtificial.a */ = {isa = PBXFileReference; explicitFileType = archive.ar; includeInIndex = 0; path = libArtificial.a; sourceTree = BUILT_PRODUCTS_DIR; };
		B5ED4DC112BFBE5A00A58E29 /* Artificial.Mirage.h */ = {isa = PBXFileReference; fileEncoding = 4; lastKnownFileType = sourcecode.c.h; path = Artificial.Mirage.h; sourceTree = "<group>"; };
		B5ED4DC312BFBE6B00A58E29 /* Artificial.Mirage.classes.h */ = {isa = PBXFileReference; fileEncoding = 4; lastKnownFileType = sourcecode.c.h; path = Artificial.Mirage.classes.h; sourceTree = "<group>"; };
		B5ED4DC512BFC2CE00A58E29 /* Label.h */ = {isa = PBXFileReference; fileEncoding = 4; lastKnownFileType = sourcecode.c.h; path = Label.h; sourceTree = "<group>"; };
		B5ED4DC612BFC2CE00A58E29 /* Label.m */ = {isa = PBXFileReference; fileEncoding = 4; lastKnownFileType = sourcecode.c.objc; path = Label.m; sourceTree = "<group>"; };
		B5F1BC281289ED2800E4FDD5 /* Artificial.Spectrum.h */ = {isa = PBXFileReference; fileEncoding = 4; lastKnownFileType = sourcecode.c.h; path = Artificial.Spectrum.h; sourceTree = "<group>"; };
		B5F1BC2A1289ED3600E4FDD5 /* Artificial.Spectrum.classes.h */ = {isa = PBXFileReference; fileEncoding = 4; lastKnownFileType = sourcecode.c.h; path = Artificial.Spectrum.classes.h; sourceTree = "<group>"; };
		B5F1BC2C1289ED4B00E4FDD5 /* PrimitiveBatch.h */ = {isa = PBXFileReference; fileEncoding = 4; lastKnownFileType = sourcecode.c.h; path = PrimitiveBatch.h; sourceTree = "<group>"; };
		B5F1BC2D1289ED4B00E4FDD5 /* PrimitiveBatch.m */ = {isa = PBXFileReference; fileEncoding = 4; lastKnownFileType = sourcecode.c.objc; path = PrimitiveBatch.m; sourceTree = "<group>"; };
		B5F9A19F127B3F0C00CBBDEF /* Rectangle+Extensions.h */ = {isa = PBXFileReference; fileEncoding = 4; lastKnownFileType = sourcecode.c.h; path = "Rectangle+Extensions.h"; sourceTree = "<group>"; };
		B5F9A1A0127B3F0C00CBBDEF /* Rectangle+Extensions.m */ = {isa = PBXFileReference; fileEncoding = 4; lastKnownFileType = sourcecode.c.objc; path = "Rectangle+Extensions.m"; sourceTree = "<group>"; };
		B5FA750512C0D304002DA3E7 /* MirageEnums.h */ = {isa = PBXFileReference; fileEncoding = 4; lastKnownFileType = sourcecode.c.h; path = MirageEnums.h; sourceTree = "<group>"; };
		B5FA75F312C0EB3D002DA3E7 /* Image.h */ = {isa = PBXFileReference; fileEncoding = 4; lastKnownFileType = sourcecode.c.h; path = Image.h; sourceTree = "<group>"; };
		B5FA75F412C0EB3D002DA3E7 /* Image.m */ = {isa = PBXFileReference; fileEncoding = 4; lastKnownFileType = sourcecode.c.objc; path = Image.m; sourceTree = "<group>"; };
		D2AAC07E0554694100DB518D /* libArtificial.a */ = {isa = PBXFileReference; explicitFileType = archive.ar; includeInIndex = 0; path = libArtificial.a; sourceTree = BUILT_PRODUCTS_DIR; };
/* End PBXFileReference section */

/* Begin PBXFrameworksBuildPhase section */
		B5742CC91276E20D00993B4F /* Frameworks */ = {
			isa = PBXFrameworksBuildPhase;
			buildActionMask = 2147483647;
			files = (
			);
			runOnlyForDeploymentPostprocessing = 0;
		};
		D2AAC07C0554694100DB518D /* Frameworks */ = {
			isa = PBXFrameworksBuildPhase;
			buildActionMask = 2147483647;
			files = (
				97D161B21C17C20800FBD297 /* libXNI.a in Frameworks */,
				AACBBE4A0F95108600F1A2B1 /* Foundation.framework in Frameworks */,
			);
			runOnlyForDeploymentPostprocessing = 0;
		};
/* End PBXFrameworksBuildPhase section */

/* Begin PBXGroup section */
		034768DFFF38A50411DB9C8B /* Products */ = {
			isa = PBXGroup;
			children = (
				D2AAC07E0554694100DB518D /* libArtificial.a */,
				B5742CCB1276E20D00993B4F /* libArtificial.a */,
			);
			name = Products;
			sourceTree = "<group>";
		};
		0867D691FE84028FC02AAC07 /* Artificial I */ = {
			isa = PBXGroup;
			children = (
				08FB77AEFE84172EC02AAC07 /* Classes */,
				32C88DFF0371C24200C91783 /* Other Sources */,
				0867D69AFE84028FC02AAC07 /* Frameworks */,
				034768DFFF38A50411DB9C8B /* Products */,
			);
			name = "Artificial I";
			sourceTree = "<group>";
		};
		0867D69AFE84028FC02AAC07 /* Frameworks */ = {
			isa = PBXGroup;
			children = (
				97D161911C17BA2C00FBD297 /* libXNI.a */,
				97D1617A1C17B88C00FBD297 /* libXNI.a */,
				7BCCB337184532F200006E4F /* libXNI.a */,
				AACBBE490F95108600F1A2B1 /* Foundation.framework */,
			);
			name = Frameworks;
			sourceTree = "<group>";
		};
		08FB77AEFE84172EC02AAC07 /* Classes */ = {
			isa = PBXGroup;
			children = (
				B50768F81264ED3800E4474F /* Artificial */,
			);
			path = Classes;
			sourceTree = "<group>";
		};
		32C88DFF0371C24200C91783 /* Other Sources */ = {
			isa = PBXGroup;
			children = (
				AA747D9E0F9514B9006C5449 /* Artificial_I_Prefix.pch */,
			);
			name = "Other Sources";
			sourceTree = "<group>";
		};
		B505E68412A5E7C60058E857 /* Control */ = {
			isa = PBXGroup;
			children = (
				B505E68512A5E7EE0058E857 /* Artificial.Control.classes.h */,
				B505E68712A5E7FB0058E857 /* Artificial.Control.h */,
				B505E68912A5E8180058E857 /* TouchPanelHelper.h */,
				B505E68A12A5E8180058E857 /* TouchPanelHelper.m */,
				B516D6E312AAA9D300BF0696 /* Fader.h */,
				B516D6E412AAA9D300BF0696 /* Fader.m */,
			);
			path = Control;
			sourceTree = "<group>";
		};
		B50768F81264ED3800E4474F /* Artificial */ = {
			isa = PBXGroup;
			children = (
				B505E68412A5E7C60058E857 /* Control */,
				B50768F91264ED4E00E4474F /* Everywhere */,
				B5ED4DC012BFBE2D00A58E29 /* Mirage */,
				B5F1BC271289ED0F00E4FDD5 /* Spectrum */,
			);
			path = Artificial;
			sourceTree = "<group>";
		};
		B50768F91264ED4E00E4474F /* Everywhere */ = {
			isa = PBXGroup;
			children = (
				B50769641264F27D00E4474F /* Artificial.Everywhere.classes.h */,
				B50769661264F29600E4474F /* Artificial.Everywhere.h */,
				B5F9A1A3127B3F1000CBBDEF /* Extensions */,
				B50768FA1264EDAC00E4474F /* FpsComponent.h */,
				B50768FB1264EDAC00E4474F /* FpsComponent.m */,
				B5227D9B126DA9DF0079FC24 /* Random.h */,
				B5227D9C126DA9DF0079FC24 /* Random.m */,
			);
			path = Everywhere;
			sourceTree = "<group>";
		};
		B5ED4DC012BFBE2D00A58E29 /* Mirage */ = {
			isa = PBXGroup;
			children = (
				B5ED4DC312BFBE6B00A58E29 /* Artificial.Mirage.classes.h */,
				B5ED4DC112BFBE5A00A58E29 /* Artificial.Mirage.h */,
				B5FA750512C0D304002DA3E7 /* MirageEnums.h */,
				B5ED4DC512BFC2CE00A58E29 /* Label.h */,
				B5ED4DC612BFC2CE00A58E29 /* Label.m */,
				B5FA75F312C0EB3D002DA3E7 /* Image.h */,
				B5FA75F412C0EB3D002DA3E7 /* Image.m */,
			);
			path = Mirage;
			sourceTree = "<group>";
		};
		B5F1BC271289ED0F00E4FDD5 /* Spectrum */ = {
			isa = PBXGroup;
			children = (
				B5F1BC2A1289ED3600E4FDD5 /* Artificial.Spectrum.classes.h */,
				B5F1BC281289ED2800E4FDD5 /* Artificial.Spectrum.h */,
				B5F1BC2C1289ED4B00E4FDD5 /* PrimitiveBatch.h */,
				B5F1BC2D1289ED4B00E4FDD5 /* PrimitiveBatch.m */,
			);
			path = Spectrum;
			sourceTree = "<group>";
		};
		B5F9A1A3127B3F1000CBBDEF /* Extensions */ = {
			isa = PBXGroup;
			children = (
				B5F9A19F127B3F0C00CBBDEF /* Rectangle+Extensions.h */,
				B5F9A1A0127B3F0C00CBBDEF /* Rectangle+Extensions.m */,
			);
			name = Extensions;
			sourceTree = "<group>";
		};
/* End PBXGroup section */

/* Begin PBXHeadersBuildPhase section */
		B5742CC71276E20D00993B4F /* Headers */ = {
			isa = PBXHeadersBuildPhase;
			buildActionMask = 2147483647;
			files = (
			);
			runOnlyForDeploymentPostprocessing = 0;
		};
		D2AAC07A0554694100DB518D /* Headers */ = {
			isa = PBXHeadersBuildPhase;
			buildActionMask = 2147483647;
			files = (
				B5FA750612C0D311002DA3E7 /* MirageEnums.h in Headers */,
				AA747D9F0F9514B9006C5449 /* Artificial_I_Prefix.pch in Headers */,
				B50768FC1264EDAC00E4474F /* FpsComponent.h in Headers */,
				B50769651264F27D00E4474F /* Artificial.Everywhere.classes.h in Headers */,
				B50769671264F29600E4474F /* Artificial.Everywhere.h in Headers */,
				B5227D9D126DA9DF0079FC24 /* Random.h in Headers */,
				B5F9A1A1127B3F0C00CBBDEF /* Rectangle+Extensions.h in Headers */,
				B5F1BC291289ED2800E4FDD5 /* Artificial.Spectrum.h in Headers */,
				B5F1BC2B1289ED3600E4FDD5 /* Artificial.Spectrum.classes.h in Headers */,
				B5F1BC2E1289ED4B00E4FDD5 /* PrimitiveBatch.h in Headers */,
				B505E68612A5E7EE0058E857 /* Artificial.Control.classes.h in Headers */,
				B505E68812A5E7FB0058E857 /* Artificial.Control.h in Headers */,
				B505E68B12A5E8180058E857 /* TouchPanelHelper.h in Headers */,
				B516D6E512AAA9D300BF0696 /* Fader.h in Headers */,
				B5ED4DC212BFBE5A00A58E29 /* Artificial.Mirage.h in Headers */,
				B5ED4DC412BFBE6B00A58E29 /* Artificial.Mirage.classes.h in Headers */,
				B5ED4DC712BFC2CE00A58E29 /* Label.h in Headers */,
				B5FA75F512C0EB3D002DA3E7 /* Image.h in Headers */,
			);
			runOnlyForDeploymentPostprocessing = 0;
		};
/* End PBXHeadersBuildPhase section */

/* Begin PBXNativeTarget section */
		B5742CCA1276E20D00993B4F /* Artificial I Release */ = {
			isa = PBXNativeTarget;
			buildConfigurationList = B5742CD01276E23D00993B4F /* Build configuration list for PBXNativeTarget "Artificial I Release" */;
			buildPhases = (
				B5742CC71276E20D00993B4F /* Headers */,
				B5742CC81276E20D00993B4F /* Sources */,
				B5742CC91276E20D00993B4F /* Frameworks */,
				B5742D301276E29400993B4F /* ShellScript */,
			);
			buildRules = (
			);
			dependencies = (
				B542793D127708790015E810 /* PBXTargetDependency */,
			);
			name = "Artificial I Release";
			productName = "Artificial I Release";
			productReference = B5742CCB1276E20D00993B4F /* libArtificial.a */;
			productType = "com.apple.product-type.library.static";
		};
		D2AAC07D0554694100DB518D /* Artificial I */ = {
			isa = PBXNativeTarget;
			buildConfigurationList = 1DEB921E08733DC00010E9CD /* Build configuration list for PBXNativeTarget "Artificial I" */;
			buildPhases = (
				D2AAC07A0554694100DB518D /* Headers */,
				D2AAC07B0554694100DB518D /* Sources */,
				D2AAC07C0554694100DB518D /* Frameworks */,
			);
			buildRules = (
			);
			dependencies = (
			);
			name = "Artificial I";
			productName = "Artificial I";
			productReference = D2AAC07E0554694100DB518D /* libArtificial.a */;
			productType = "com.apple.product-type.library.static";
		};
/* End PBXNativeTarget section */

/* Begin PBXProject section */
		0867D690FE84028FC02AAC07 /* Project object */ = {
			isa = PBXProject;
			attributes = {
				LastUpgradeCheck = 0640;
			};
			buildConfigurationList = 1DEB922208733DC00010E9CD /* Build configuration list for PBXProject "Artificial I" */;
			compatibilityVersion = "Xcode 3.2";
			developmentRegion = English;
			hasScannedForEncodings = 1;
			knownRegions = (
				English,
				Japanese,
				French,
				German,
			);
			mainGroup = 0867D691FE84028FC02AAC07 /* Artificial I */;
			productRefGroup = 034768DFFF38A50411DB9C8B /* Products */;
			projectDirPath = "";
			projectRoot = "";
			targets = (
				D2AAC07D0554694100DB518D /* Artificial I */,
				B5742CCA1276E20D00993B4F /* Artificial I Release */,
			);
		};
/* End PBXProject section */

/* Begin PBXShellScriptBuildPhase section */
		B5742D301276E29400993B4F /* ShellScript */ = {
			isa = PBXShellScriptBuildPhase;
			buildActionMask = 2147483647;
			files = (
			);
			inputPaths = (
			);
			outputPaths = (
			);
			runOnlyForDeploymentPostprocessing = 0;
			shellPath = /bin/sh;
			shellScript = "# Purpose:\n#   Create a static library for iPhone from within XCode\n#   Because Apple staff DELIBERATELY broke Xcode to make this impossible from the GUI (Xcode 3.2.3 specifically states this in the Release notes!)\n#   ...no, I don't understand why they did such a stupid thing either!\n#\n# Author: Adam Martin - http://twitter.com/redglassesapps\n# Based on: original script from Eonil (main changes: Eonil's script WILL NOT WORK in Xcode GUI - it WILL CRASH YOUR COMPUTER)\n#\n# More info: see this Stack Overflow question: http://stackoverflow.com/questions/3520977/build-fat-static-library-device-simulator-using-xcode-and-sdk-4\n\n\n#####################[ part 1 ]##################\n# First, work out the BASESDK version number (NB: Apple ought to report this, but they hide it)\n#    (incidental: searching for substrings in sh is a nightmare! Sob)\n\nSDK_VERSION=$(echo ${SDK_NAME} | grep -o '.\\{3\\}$')\n\n# Next, work out if we're in SIM or DEVICE\n\nif [ ${PLATFORM_NAME} = \"iphonesimulator\" ]\nthen\nOTHER_SDK_TO_BUILD=iphoneos${SDK_VERSION}\nelse\nOTHER_SDK_TO_BUILD=iphonesimulator${SDK_VERSION}\nfi\n\necho \"XCode has selected SDK: ${PLATFORM_NAME} with version: ${SDK_VERSION} (although back-targetting: ${IPHONEOS_DEPLOYMENT_TARGET})\"\necho \"...therefore, OTHER_SDK_TO_BUILD = ${OTHER_SDK_TO_BUILD}\"\n#\n#####################[ end of part 1 ]##################\n\n#####################[ part 2 ]##################\n#\n# IF this is the original invocation, invoke WHATEVER other builds are required\n#\n# Xcode is already building ONE target...\n#\n# ...but this is a LIBRARY, so Apple is wrong to set it to build just one.\n# ...we need to build ALL targets\n# ...we MUST NOT re-build the target that is ALREADY being built: Xcode WILL CRASH YOUR COMPUTER if you try this (infinite recursion!)\n#\n#\n# So: build ONLY the missing platforms/configurations.\n\nif [ \"true\" = ${ALREADYINVOKED} ]\nthen\necho \"RECURSION: I am NOT the root invocation, so I'm NOT going to recurse\"\nelse\n# CRITICAL:\n# Prevent infinite recursion (Xcode sucks)\nexport ALREADYINVOKED=\"true\"\n\necho \"RECURSION: I am the root ... recursing all missing build targets NOW...\"\necho \"RECURSION: ...about to invoke: xcodebuild -configuration \\\"${CONFIGURATION}\\\" -target \\\"${TARGET_NAME}\\\" -sdk \\\"${OTHER_SDK_TO_BUULD}\\\" ${ACTION} RUN_CLANG_STATIC_ANALYZER=NO\"\nxcodebuild -configuration \"${CONFIGURATION}\" -target \"${TARGET_NAME}\" -sdk \"${OTHER_SDK_TO_BUILD}\" ${ACTION} RUN_CLANG_STATIC_ANALYZER=NO\nfi\n\nACTION=\"build\"\n\n#Merge all platform binaries as a fat binary for each configurations.\n\nCURRENTCONFIG_DEVICE_DIR=${SYMROOT}/${CONFIGURATION}-iphoneos\nCURRENTCONFIG_SIMULATOR_DIR=${SYMROOT}/${CONFIGURATION}-iphonesimulator\nCURRENTCONFIG_UNIVERSAL_DIR=${SYMROOT}/${CONFIGURATION}-universal\n\n# ... remove the products of previous runs of this script\n#      NB: this directory is ONLY created by this script - it should be safe to delete!\n\nrm -rf \"${CURRENTCONFIG_UNIVERSAL_DIR}\"\nmkdir \"${CURRENTCONFIG_UNIVERSAL_DIR}\"\n\n#\necho \"lipo: for current configuration (${CONFIGURATION}) creating output file: ${CURRENTCONFIG_UNIVERSAL_DIR}/${EXECUTABLE_NAME}\"\nlipo -create -output \"${CURRENTCONFIG_UNIVERSAL_DIR}/${EXECUTABLE_NAME}\" \"${CURRENTCONFIG_DEVICE_DIR}/${EXECUTABLE_NAME}\" \"${CURRENTCONFIG_SIMULATOR_DIR}/${EXECUTABLE_NAME}\"\n\n# Copy headers\ncp -r \"${SYMROOT}/${CONFIGURATION}-${PLATFORM_NAME}/usr/\" \"${CURRENTCONFIG_UNIVERSAL_DIR}/usr/\"";
		};
/* End PBXShellScriptBuildPhase section */

/* Begin PBXSourcesBuildPhase section */
		B5742CC81276E20D00993B4F /* Sources */ = {
			isa = PBXSourcesBuildPhase;
			buildActionMask = 2147483647;
			files = (
			);
			runOnlyForDeploymentPostprocessing = 0;
		};
		D2AAC07B0554694100DB518D /* Sources */ = {
			isa = PBXSourcesBuildPhase;
			buildActionMask = 2147483647;
			files = (
				B50768FD1264EDAC00E4474F /* FpsComponent.m in Sources */,
				B5227D9E126DA9DF0079FC24 /* Random.m in Sources */,
				B5F9A1A2127B3F0C00CBBDEF /* Rectangle+Extensions.m in Sources */,
				B5F1BC2F1289ED4B00E4FDD5 /* PrimitiveBatch.m in Sources */,
				B505E68C12A5E8180058E857 /* TouchPanelHelper.m in Sources */,
				B516D6E612AAA9D300BF0696 /* Fader.m in Sources */,
				B5ED4DC812BFC2CE00A58E29 /* Label.m in Sources */,
				B5FA75F612C0EB3D002DA3E7 /* Image.m in Sources */,
			);
			runOnlyForDeploymentPostprocessing = 0;
		};
/* End PBXSourcesBuildPhase section */

/* Begin PBXTargetDependency section */
		B542793D127708790015E810 /* PBXTargetDependency */ = {
			isa = PBXTargetDependency;
			target = D2AAC07D0554694100DB518D /* Artificial I */;
			targetProxy = B542793C127708790015E810 /* PBXContainerItemProxy */;
		};
/* End PBXTargetDependency section */

/* Begin XCBuildConfiguration section */
		1DEB921F08733DC00010E9CD /* Debug */ = {
			isa = XCBuildConfiguration;
			buildSettings = {
				ALWAYS_SEARCH_USER_PATHS = NO;
				COPY_PHASE_STRIP = NO;
				DSTROOT = /tmp/Artificial_I.dst;
				EXECUTABLE_PREFIX = lib;
				GCC_DYNAMIC_NO_PIC = NO;
				GCC_ENABLE_FIX_AND_CONTINUE = YES;
				GCC_MODEL_TUNING = G5;
				GCC_OPTIMIZATION_LEVEL = 0;
				GCC_PRECOMPILE_PREFIX_HEADER = YES;
				GCC_PREFIX_HEADER = Artificial_I_Prefix.pch;
				INSTALL_PATH = /usr/local/lib;
				LIBRARY_SEARCH_PATHS = (
					"$(inherited)",
					"\\\\\\\"$(SRCROOT)/../XNI\\\\\\\"",
					"/Users/bojanklemenc/Documents/TINR-vaje/vaje13/teden13/XNI",
					"/Users/bojanklemenc/Documents/TINR-vaje/vaje13/teden13/friHockey_v6/XNI",
					"/Users/bojanklemenc/Documents/TINR-vaje/vaje13/friHockey_v6/XNI",
					/Users/paidgeek/Glomero/XNI,
				);
				OTHER_LDFLAGS = "-ObjC";
				PRODUCT_NAME = Artificial;
				USER_HEADER_SEARCH_PATHS = "$(SRCROOT)/.././**";
			};
			name = Debug;
		};
		1DEB922008733DC00010E9CD /* Release */ = {
			isa = XCBuildConfiguration;
			buildSettings = {
				ALWAYS_SEARCH_USER_PATHS = NO;
				DSTROOT = /tmp/Artificial_I.dst;
				EXECUTABLE_PREFIX = lib;
				GCC_MODEL_TUNING = G5;
				GCC_PRECOMPILE_PREFIX_HEADER = YES;
				GCC_PREFIX_HEADER = Artificial_I_Prefix.pch;
				INSTALL_PATH = /usr/local/lib;
				LIBRARY_SEARCH_PATHS = (
					"$(inherited)",
					"\\\\\\\"$(SRCROOT)/../XNI\\\\\\\"",
					"/Users/bojanklemenc/Documents/TINR-vaje/vaje13/teden13/XNI",
					"/Users/bojanklemenc/Documents/TINR-vaje/vaje13/teden13/friHockey_v6/XNI",
					"/Users/bojanklemenc/Documents/TINR-vaje/vaje13/friHockey_v6/XNI",
					/Users/paidgeek/Glomero/XNI,
				);
				OTHER_LDFLAGS = "-ObjC";
				PRODUCT_NAME = Artificial;
				USER_HEADER_SEARCH_PATHS = "$(SRCROOT)/.././**";
			};
			name = Release;
		};
		1DEB922308733DC00010E9CD /* Debug */ = {
			isa = XCBuildConfiguration;
			buildSettings = {
				GCC_C_LANGUAGE_STANDARD = c99;
				GCC_OPTIMIZATION_LEVEL = 0;
				GCC_WARN_ABOUT_RETURN_TYPE = YES;
				GCC_WARN_UNUSED_VARIABLE = YES;
				IPHONEOS_DEPLOYMENT_TARGET = 7.1;
				ONLY_ACTIVE_ARCH = YES;
				OTHER_LDFLAGS = "-ObjC";
				PREBINDING = NO;
				SDKROOT = iphoneos;
				USER_HEADER_SEARCH_PATHS = "~/Dropbox/Work/Retronator/Projects/XNI/build/${BUILD_STYLE}-${PLATFORM_NAME}/usr/local/include";
			};
			name = Debug;
		};
		1DEB922408733DC00010E9CD /* Release */ = {
			isa = XCBuildConfiguration;
			buildSettings = {
				GCC_C_LANGUAGE_STANDARD = c99;
				GCC_WARN_ABOUT_RETURN_TYPE = YES;
				GCC_WARN_UNUSED_VARIABLE = YES;
				IPHONEOS_DEPLOYMENT_TARGET = 7.1;
				OTHER_LDFLAGS = "-ObjC";
				PREBINDING = NO;
				SDKROOT = iphoneos;
				USER_HEADER_SEARCH_PATHS = "~/Dropbox/Work/Retronator/Projects/XNI/build/${BUILD_STYLE}-${PLATFORM_NAME}/usr/local/include";
			};
			name = Release;
		};
		B5742CCC1276E20D00993B4F /* Debug */ = {
			isa = XCBuildConfiguration;
			buildSettings = {
				ALWAYS_SEARCH_USER_PATHS = NO;
				COPY_PHASE_STRIP = NO;
				EXECUTABLE_PREFIX = lib;
				GCC_DYNAMIC_NO_PIC = NO;
				GCC_OPTIMIZATION_LEVEL = 0;
				PREBINDING = NO;
				PRODUCT_NAME = Artificial;
			};
			name = Debug;
		};
		B5742CCD1276E20D00993B4F /* Release */ = {
			isa = XCBuildConfiguration;
			buildSettings = {
				ALWAYS_SEARCH_USER_PATHS = NO;
				COPY_PHASE_STRIP = YES;
				DEBUG_INFORMATION_FORMAT = "dwarf-with-dsym";
				EXECUTABLE_PREFIX = lib;
				GCC_ENABLE_FIX_AND_CONTINUE = NO;
				PREBINDING = NO;
				PRODUCT_NAME = Artificial;
				ZERO_LINK = NO;
			};
			name = Release;
		};
/* End XCBuildConfiguration section */

/* Begin XCConfigurationList section */
		1DEB921E08733DC00010E9CD /* Build configuration list for PBXNativeTarget "Artificial I" */ = {
			isa = XCConfigurationList;
			buildConfigurations = (
				1DEB921F08733DC00010E9CD /* Debug */,
				1DEB922008733DC00010E9CD /* Release */,
			);
			defaultConfigurationIsVisible = 0;
			defaultConfigurationName = Release;
		};
		1DEB922208733DC00010E9CD /* Build configuration list for PBXProject "Artificial I" */ = {
			isa = XCConfigurationList;
			buildConfigurations = (
				1DEB922308733DC00010E9CD /* Debug */,
				1DEB922408733DC00010E9CD /* Release */,
			);
			defaultConfigurationIsVisible = 0;
			defaultConfigurationName = Release;
		};
		B5742CD01276E23D00993B4F /* Build configuration list for PBXNativeTarget "Artificial I Release" */ = {
			isa = XCConfigurationList;
			buildConfigurations = (
				B5742CCC1276E20D00993B4F /* Debug */,
				B5742CCD1276E20D00993B4F /* Release */,
			);
			defaultConfigurationIsVisible = 0;
			defaultConfigurationName = Release;
		};
/* End XCConfigurationList section */
	};
	rootObject = 0867D690FE84028FC02AAC07 /* Project object */;
}
