// !$*UTF8*$!
{
	archiveVersion = 1;
	classes = {
	};
	objectVersion = 46;
	objects = {

/* Begin PBXBuildFile section */
		97CD0E8C1C16AEE100CEFF3F /* Engine.h in Sources */ = {isa = PBXBuildFile; fileRef = 97CD0E871C16A94000CEFF3F /* Engine.h */; };
		97CD0E8D1C16AEE100CEFF3F /* Engine.Core.classes.h in Sources */ = {isa = PBXBuildFile; fileRef = 97CD0E841C16A53F00CEFF3F /* Engine.Core.classes.h */; };
		97CD0E8E1C16AEE100CEFF3F /* Engine.Core.h in Sources */ = {isa = PBXBuildFile; fileRef = 97CD0E851C16A55800CEFF3F /* Engine.Core.h */; };
		97CD0E8F1C16AEE100CEFF3F /* LogicSystem.h in Sources */ = {isa = PBXBuildFile; fileRef = 97CD0E631C16986500CEFF3F /* LogicSystem.h */; };
		97CD0E901C16AEE100CEFF3F /* LogicSystem.m in Sources */ = {isa = PBXBuildFile; fileRef = 97CD0E641C16986500CEFF3F /* LogicSystem.m */; };
		97CD0E911C16AEE100CEFF3F /* PhysicsSystem.h in Sources */ = {isa = PBXBuildFile; fileRef = 97CD0E671C16986500CEFF3F /* PhysicsSystem.h */; };
		97CD0E921C16AEE100CEFF3F /* PhysicsSystem.m in Sources */ = {isa = PBXBuildFile; fileRef = 97CD0E681C16986500CEFF3F /* PhysicsSystem.m */; };
		97CD0E931C16AEE100CEFF3F /* RenderSystem.h in Sources */ = {isa = PBXBuildFile; fileRef = 97CD0E6B1C16986500CEFF3F /* RenderSystem.h */; };
		97CD0E941C16AEE100CEFF3F /* RenderSystem.m in Sources */ = {isa = PBXBuildFile; fileRef = 97CD0E6C1C16986500CEFF3F /* RenderSystem.m */; };
		97CD0E951C16AEE100CEFF3F /* SceneAction.h in Sources */ = {isa = PBXBuildFile; fileRef = 97CD0E711C16986500CEFF3F /* SceneAction.h */; };
		97CD0E961C16AEE100CEFF3F /* SceneAction.m in Sources */ = {isa = PBXBuildFile; fileRef = 97CD0E721C16986500CEFF3F /* SceneAction.m */; };
		97CD0E971C16AEE100CEFF3F /* ISceneAction.h in Sources */ = {isa = PBXBuildFile; fileRef = 97CD0E611C16986500CEFF3F /* ISceneAction.h */; };
		97CD0E981C16AEE100CEFF3F /* RemoveComponentAction.h in Sources */ = {isa = PBXBuildFile; fileRef = 97CD0E691C16986500CEFF3F /* RemoveComponentAction.h */; };
		97CD0E991C16AEE100CEFF3F /* RemoveComponentAction.m in Sources */ = {isa = PBXBuildFile; fileRef = 97CD0E6A1C16986500CEFF3F /* RemoveComponentAction.m */; };
		97CD0E9A1C16AEE100CEFF3F /* CreateNodeAction.h in Sources */ = {isa = PBXBuildFile; fileRef = 97CD0E561C16986500CEFF3F /* CreateNodeAction.h */; };
		97CD0E9B1C16AEE100CEFF3F /* CreateNodeAction.m in Sources */ = {isa = PBXBuildFile; fileRef = 97CD0E571C16986500CEFF3F /* CreateNodeAction.m */; };
		97CD0E9C1C16AEE100CEFF3F /* DestroyNodeAction.h in Sources */ = {isa = PBXBuildFile; fileRef = 97CD0E581C16986500CEFF3F /* DestroyNodeAction.h */; };
		97CD0E9D1C16AEE100CEFF3F /* DestroyNodeAction.m in Sources */ = {isa = PBXBuildFile; fileRef = 97CD0E591C16986500CEFF3F /* DestroyNodeAction.m */; };
		97CD0E9E1C16AEE100CEFF3F /* AddComponentAction.h in Sources */ = {isa = PBXBuildFile; fileRef = 97CD0E481C16986500CEFF3F /* AddComponentAction.h */; };
		97CD0E9F1C16AEE100CEFF3F /* AddComponentAction.m in Sources */ = {isa = PBXBuildFile; fileRef = 97CD0E491C16986500CEFF3F /* AddComponentAction.m */; };
		97CD0EA01C16AEE100CEFF3F /* Transform.h in Sources */ = {isa = PBXBuildFile; fileRef = 97CD0E791C16986500CEFF3F /* Transform.h */; };
		97CD0EA11C16AEE100CEFF3F /* Transform.m in Sources */ = {isa = PBXBuildFile; fileRef = 97CD0E7A1C16986500CEFF3F /* Transform.m */; };
		97CD0EA21C16AEE100CEFF3F /* ISceneListener.h in Sources */ = {isa = PBXBuildFile; fileRef = 97CD0E621C16986500CEFF3F /* ISceneListener.h */; };
		97CD0EA31C16AEE100CEFF3F /* IDrawableComponent.h in Sources */ = {isa = PBXBuildFile; fileRef = 97CD0E5E1C16986500CEFF3F /* IDrawableComponent.h */; };
		97CD0EA41C16AEE100CEFF3F /* INodeComponent.h in Sources */ = {isa = PBXBuildFile; fileRef = 97CD0E5F1C16986500CEFF3F /* INodeComponent.h */; };
		97CD0EA61C16AEE100CEFF3F /* Node.h in Sources */ = {isa = PBXBuildFile; fileRef = 97CD0E651C16986500CEFF3F /* Node.h */; };
		97CD0EA71C16AEE100CEFF3F /* Node.m in Sources */ = {isa = PBXBuildFile; fileRef = 97CD0E661C16986500CEFF3F /* Node.m */; };
		97CD0EA81C16AEE100CEFF3F /* Scene.h in Sources */ = {isa = PBXBuildFile; fileRef = 97CD0E6F1C16986500CEFF3F /* Scene.h */; };
		97CD0EA91C16AEE100CEFF3F /* Scene.m in Sources */ = {isa = PBXBuildFile; fileRef = 97CD0E701C16986500CEFF3F /* Scene.m */; };
		97CD0EAA1C16AEE100CEFF3F /* Engine.Graphics.classes.h in Sources */ = {isa = PBXBuildFile; fileRef = 97CD0E821C16A4B600CEFF3F /* Engine.Graphics.classes.h */; };
		97CD0EAB1C16AEE100CEFF3F /* Engine.Graphics.h in Sources */ = {isa = PBXBuildFile; fileRef = 97CD0E831C16A4C600CEFF3F /* Engine.Graphics.h */; };
		97CD0EAC1C16AEE100CEFF3F /* TextureAtlas.h in Sources */ = {isa = PBXBuildFile; fileRef = 97CD0E771C16986500CEFF3F /* TextureAtlas.h */; };
		97CD0EAD1C16AEE100CEFF3F /* TextureAtlas.m in Sources */ = {isa = PBXBuildFile; fileRef = 97CD0E781C16986500CEFF3F /* TextureAtlas.m */; };
		97CD0EAE1C16AEE100CEFF3F /* SpriteRenderer.h in Sources */ = {isa = PBXBuildFile; fileRef = 97CD0E751C16986500CEFF3F /* SpriteRenderer.h */; };
		97CD0EAF1C16AEE100CEFF3F /* SpriteRenderer.m in Sources */ = {isa = PBXBuildFile; fileRef = 97CD0E761C16986500CEFF3F /* SpriteRenderer.m */; };
		97CD0EB01C16AEE100CEFF3F /* Sprite.h in Sources */ = {isa = PBXBuildFile; fileRef = 97CD0E731C16986500CEFF3F /* Sprite.h */; };
		97CD0EB11C16AEE100CEFF3F /* Sprite.m in Sources */ = {isa = PBXBuildFile; fileRef = 97CD0E741C16986500CEFF3F /* Sprite.m */; };
		97CD0EB21C16AEE100CEFF3F /* AnimatedSpriteRenderer.h in Sources */ = {isa = PBXBuildFile; fileRef = 97CD0E4A1C16986500CEFF3F /* AnimatedSpriteRenderer.h */; };
		97CD0EB31C16AEE100CEFF3F /* AnimatedSpriteRenderer.m in Sources */ = {isa = PBXBuildFile; fileRef = 97CD0E4B1C16986500CEFF3F /* AnimatedSpriteRenderer.m */; };
		97CD390D1C1CD6F0008870FB /* Camera.m in Sources */ = {isa = PBXBuildFile; fileRef = 97CD390C1C1CD6F0008870FB /* Camera.m */; };
		97CD39191C1D0697008870FB /* StringLineReader.m in Sources */ = {isa = PBXBuildFile; fileRef = 97CD39181C1D0697008870FB /* StringLineReader.m */; };
		97CD5E841C1A9899006D301C /* Foundation.framework in Frameworks */ = {isa = PBXBuildFile; fileRef = 97CD5E831C1A9899006D301C /* Foundation.framework */; };
		97CDE2171C1953700020D969 /* CollisionMatrix.m in Sources */ = {isa = PBXBuildFile; fileRef = 97CDE2161C1953700020D969 /* CollisionMatrix.m */; };
		97D161B41C17C24700FBD297 /* libExpress.a in Frameworks */ = {isa = PBXBuildFile; fileRef = 97D161A61C17C1EA00FBD297 /* libExpress.a */; };
		97D161BC1C17C4A100FBD297 /* RigidBody2D.m in Sources */ = {isa = PBXBuildFile; fileRef = 97D161BB1C17C4A100FBD297 /* RigidBody2D.m */; };
		97D161BD1C17C71700FBD297 /* RigidBody2D.h in Sources */ = {isa = PBXBuildFile; fileRef = 97D161BA1C17C4A100FBD297 /* RigidBody2D.h */; };
		97D161C41C17CFB100FBD297 /* CircleCollider2D.m in Sources */ = {isa = PBXBuildFile; fileRef = 97D161C31C17CFB100FBD297 /* CircleCollider2D.m */; };
		97D53A2F1C1B44F60066965B /* CircleCollider2D.h in Sources */ = {isa = PBXBuildFile; fileRef = 97D161C21C17CFB100FBD297 /* CircleCollider2D.h */; };
		97D53A301C1B44F60066965B /* ICollisionListener.h in Sources */ = {isa = PBXBuildFile; fileRef = 97CDE2131C193FBB0020D969 /* ICollisionListener.h */; };
		97D53A311C1B44F60066965B /* ICollider.h in Sources */ = {isa = PBXBuildFile; fileRef = 97CDE2141C19412F0020D969 /* ICollider.h */; };
		97D53A321C1B44F60066965B /* CollisionMatrix.h in Sources */ = {isa = PBXBuildFile; fileRef = 97CDE2151C1953700020D969 /* CollisionMatrix.h */; };
/* End PBXBuildFile section */

/* Begin PBXContainerItemProxy section */
		97D161A51C17C1EA00FBD297 /* PBXContainerItemProxy */ = {
			isa = PBXContainerItemProxy;
			containerPortal = 97D1619F1C17C1EA00FBD297 /* Express.xcodeproj */;
			proxyType = 2;
			remoteGlobalIDString = D2AAC07E0554694100DB518D;
			remoteInfo = Express;
		};
		97D161A71C17C1EA00FBD297 /* PBXContainerItemProxy */ = {
			isa = PBXContainerItemProxy;
			containerPortal = 97D1619F1C17C1EA00FBD297 /* Express.xcodeproj */;
			proxyType = 2;
			remoteGlobalIDString = B54278A0127705FF0015E810;
			remoteInfo = "Express Release";
		};
		97D161BE1C17C8DD00FBD297 /* PBXContainerItemProxy */ = {
			isa = PBXContainerItemProxy;
			containerPortal = 97D1619F1C17C1EA00FBD297 /* Express.xcodeproj */;
			proxyType = 1;
			remoteGlobalIDString = D2AAC07D0554694100DB518D;
			remoteInfo = Express;
		};
/* End PBXContainerItemProxy section */

/* Begin PBXCopyFilesBuildPhase section */
		97D058281BF533E6001D6E87 /* CopyFiles */ = {
			isa = PBXCopyFilesBuildPhase;
			buildActionMask = 2147483647;
			dstPath = "include/$(PRODUCT_NAME)";
			dstSubfolderSpec = 16;
			files = (
			);
			runOnlyForDeploymentPostprocessing = 0;
		};
/* End PBXCopyFilesBuildPhase section */

/* Begin PBXFileReference section */
		97CD0E481C16986500CEFF3F /* AddComponentAction.h */ = {isa = PBXFileReference; lastKnownFileType = sourcecode.c.h; path = AddComponentAction.h; sourceTree = "<group>"; };
		97CD0E491C16986500CEFF3F /* AddComponentAction.m */ = {isa = PBXFileReference; lastKnownFileType = sourcecode.c.objc; path = AddComponentAction.m; sourceTree = "<group>"; };
		97CD0E4A1C16986500CEFF3F /* AnimatedSpriteRenderer.h */ = {isa = PBXFileReference; lastKnownFileType = sourcecode.c.h; path = AnimatedSpriteRenderer.h; sourceTree = "<group>"; };
		97CD0E4B1C16986500CEFF3F /* AnimatedSpriteRenderer.m */ = {isa = PBXFileReference; lastKnownFileType = sourcecode.c.objc; path = AnimatedSpriteRenderer.m; sourceTree = "<group>"; };
		97CD0E561C16986500CEFF3F /* CreateNodeAction.h */ = {isa = PBXFileReference; lastKnownFileType = sourcecode.c.h; path = CreateNodeAction.h; sourceTree = "<group>"; };
		97CD0E571C16986500CEFF3F /* CreateNodeAction.m */ = {isa = PBXFileReference; lastKnownFileType = sourcecode.c.objc; path = CreateNodeAction.m; sourceTree = "<group>"; };
		97CD0E581C16986500CEFF3F /* DestroyNodeAction.h */ = {isa = PBXFileReference; lastKnownFileType = sourcecode.c.h; path = DestroyNodeAction.h; sourceTree = "<group>"; };
		97CD0E591C16986500CEFF3F /* DestroyNodeAction.m */ = {isa = PBXFileReference; lastKnownFileType = sourcecode.c.objc; path = DestroyNodeAction.m; sourceTree = "<group>"; };
		97CD0E5E1C16986500CEFF3F /* IDrawableComponent.h */ = {isa = PBXFileReference; lastKnownFileType = sourcecode.c.h; path = IDrawableComponent.h; sourceTree = "<group>"; };
		97CD0E5F1C16986500CEFF3F /* INodeComponent.h */ = {isa = PBXFileReference; lastKnownFileType = sourcecode.c.h; path = INodeComponent.h; sourceTree = "<group>"; };
		97CD0E611C16986500CEFF3F /* ISceneAction.h */ = {isa = PBXFileReference; lastKnownFileType = sourcecode.c.h; path = ISceneAction.h; sourceTree = "<group>"; };
		97CD0E621C16986500CEFF3F /* ISceneListener.h */ = {isa = PBXFileReference; lastKnownFileType = sourcecode.c.h; path = ISceneListener.h; sourceTree = "<group>"; };
		97CD0E631C16986500CEFF3F /* LogicSystem.h */ = {isa = PBXFileReference; lastKnownFileType = sourcecode.c.h; path = LogicSystem.h; sourceTree = "<group>"; };
		97CD0E641C16986500CEFF3F /* LogicSystem.m */ = {isa = PBXFileReference; lastKnownFileType = sourcecode.c.objc; path = LogicSystem.m; sourceTree = "<group>"; };
		97CD0E651C16986500CEFF3F /* Node.h */ = {isa = PBXFileReference; lastKnownFileType = sourcecode.c.h; path = Node.h; sourceTree = "<group>"; };
		97CD0E661C16986500CEFF3F /* Node.m */ = {isa = PBXFileReference; lastKnownFileType = sourcecode.c.objc; path = Node.m; sourceTree = "<group>"; };
		97CD0E671C16986500CEFF3F /* PhysicsSystem.h */ = {isa = PBXFileReference; lastKnownFileType = sourcecode.c.h; path = PhysicsSystem.h; sourceTree = "<group>"; };
		97CD0E681C16986500CEFF3F /* PhysicsSystem.m */ = {isa = PBXFileReference; lastKnownFileType = sourcecode.c.objc; path = PhysicsSystem.m; sourceTree = "<group>"; };
		97CD0E691C16986500CEFF3F /* RemoveComponentAction.h */ = {isa = PBXFileReference; lastKnownFileType = sourcecode.c.h; path = RemoveComponentAction.h; sourceTree = "<group>"; };
		97CD0E6A1C16986500CEFF3F /* RemoveComponentAction.m */ = {isa = PBXFileReference; lastKnownFileType = sourcecode.c.objc; path = RemoveComponentAction.m; sourceTree = "<group>"; };
		97CD0E6B1C16986500CEFF3F /* RenderSystem.h */ = {isa = PBXFileReference; lastKnownFileType = sourcecode.c.h; path = RenderSystem.h; sourceTree = "<group>"; };
		97CD0E6C1C16986500CEFF3F /* RenderSystem.m */ = {isa = PBXFileReference; lastKnownFileType = sourcecode.c.objc; path = RenderSystem.m; sourceTree = "<group>"; };
		97CD0E6F1C16986500CEFF3F /* Scene.h */ = {isa = PBXFileReference; lastKnownFileType = sourcecode.c.h; path = Scene.h; sourceTree = "<group>"; };
		97CD0E701C16986500CEFF3F /* Scene.m */ = {isa = PBXFileReference; lastKnownFileType = sourcecode.c.objc; path = Scene.m; sourceTree = "<group>"; };
		97CD0E711C16986500CEFF3F /* SceneAction.h */ = {isa = PBXFileReference; lastKnownFileType = sourcecode.c.h; path = SceneAction.h; sourceTree = "<group>"; };
		97CD0E721C16986500CEFF3F /* SceneAction.m */ = {isa = PBXFileReference; lastKnownFileType = sourcecode.c.objc; path = SceneAction.m; sourceTree = "<group>"; };
		97CD0E731C16986500CEFF3F /* Sprite.h */ = {isa = PBXFileReference; lastKnownFileType = sourcecode.c.h; path = Sprite.h; sourceTree = "<group>"; };
		97CD0E741C16986500CEFF3F /* Sprite.m */ = {isa = PBXFileReference; lastKnownFileType = sourcecode.c.objc; path = Sprite.m; sourceTree = "<group>"; };
		97CD0E751C16986500CEFF3F /* SpriteRenderer.h */ = {isa = PBXFileReference; lastKnownFileType = sourcecode.c.h; path = SpriteRenderer.h; sourceTree = "<group>"; };
		97CD0E761C16986500CEFF3F /* SpriteRenderer.m */ = {isa = PBXFileReference; lastKnownFileType = sourcecode.c.objc; path = SpriteRenderer.m; sourceTree = "<group>"; };
		97CD0E771C16986500CEFF3F /* TextureAtlas.h */ = {isa = PBXFileReference; lastKnownFileType = sourcecode.c.h; path = TextureAtlas.h; sourceTree = "<group>"; };
		97CD0E781C16986500CEFF3F /* TextureAtlas.m */ = {isa = PBXFileReference; lastKnownFileType = sourcecode.c.objc; path = TextureAtlas.m; sourceTree = "<group>"; };
		97CD0E791C16986500CEFF3F /* Transform.h */ = {isa = PBXFileReference; lastKnownFileType = sourcecode.c.h; path = Transform.h; sourceTree = "<group>"; };
		97CD0E7A1C16986500CEFF3F /* Transform.m */ = {isa = PBXFileReference; lastKnownFileType = sourcecode.c.objc; path = Transform.m; sourceTree = "<group>"; };
		97CD0E821C16A4B600CEFF3F /* Engine.Graphics.classes.h */ = {isa = PBXFileReference; lastKnownFileType = sourcecode.c.h; path = Engine.Graphics.classes.h; sourceTree = "<group>"; };
		97CD0E831C16A4C600CEFF3F /* Engine.Graphics.h */ = {isa = PBXFileReference; lastKnownFileType = sourcecode.c.h; path = Engine.Graphics.h; sourceTree = "<group>"; };
		97CD0E841C16A53F00CEFF3F /* Engine.Core.classes.h */ = {isa = PBXFileReference; lastKnownFileType = sourcecode.c.h; path = Engine.Core.classes.h; sourceTree = "<group>"; };
		97CD0E851C16A55800CEFF3F /* Engine.Core.h */ = {isa = PBXFileReference; lastKnownFileType = sourcecode.c.h; path = Engine.Core.h; sourceTree = "<group>"; };
		97CD0E871C16A94000CEFF3F /* Engine.h */ = {isa = PBXFileReference; lastKnownFileType = sourcecode.c.h; path = Engine.h; sourceTree = "<group>"; };
		97CD390B1C1CD6F0008870FB /* Camera.h */ = {isa = PBXFileReference; fileEncoding = 4; lastKnownFileType = sourcecode.c.h; path = Camera.h; sourceTree = "<group>"; };
		97CD390C1C1CD6F0008870FB /* Camera.m */ = {isa = PBXFileReference; fileEncoding = 4; lastKnownFileType = sourcecode.c.objc; path = Camera.m; sourceTree = "<group>"; };
		97CD39171C1D0697008870FB /* StringLineReader.h */ = {isa = PBXFileReference; fileEncoding = 4; lastKnownFileType = sourcecode.c.h; path = StringLineReader.h; sourceTree = "<group>"; };
		97CD39181C1D0697008870FB /* StringLineReader.m */ = {isa = PBXFileReference; fileEncoding = 4; lastKnownFileType = sourcecode.c.objc; path = StringLineReader.m; sourceTree = "<group>"; };
		97CD5E831C1A9899006D301C /* Foundation.framework */ = {isa = PBXFileReference; lastKnownFileType = wrapper.framework; name = Foundation.framework; path = System/Library/Frameworks/Foundation.framework; sourceTree = SDKROOT; };
		97CDE2131C193FBB0020D969 /* ICollisionListener.h */ = {isa = PBXFileReference; lastKnownFileType = sourcecode.c.h; path = ICollisionListener.h; sourceTree = "<group>"; };
		97CDE2141C19412F0020D969 /* ICollider.h */ = {isa = PBXFileReference; lastKnownFileType = sourcecode.c.h; path = ICollider.h; sourceTree = "<group>"; };
		97CDE2151C1953700020D969 /* CollisionMatrix.h */ = {isa = PBXFileReference; fileEncoding = 4; lastKnownFileType = sourcecode.c.h; path = CollisionMatrix.h; sourceTree = "<group>"; };
		97CDE2161C1953700020D969 /* CollisionMatrix.m */ = {isa = PBXFileReference; fileEncoding = 4; lastKnownFileType = sourcecode.c.objc; path = CollisionMatrix.m; sourceTree = "<group>"; };
		97D0582A1BF533E6001D6E87 /* libEngine.a */ = {isa = PBXFileReference; explicitFileType = archive.ar; includeInIndex = 0; path = libEngine.a; sourceTree = BUILT_PRODUCTS_DIR; };
		97D058561BF53579001D6E87 /* libXNI.a */ = {isa = PBXFileReference; lastKnownFileType = archive.ar; name = libXNI.a; path = ../XNI/libXNI.a; sourceTree = "<group>"; };
		97D1619F1C17C1EA00FBD297 /* Express.xcodeproj */ = {isa = PBXFileReference; lastKnownFileType = "wrapper.pb-project"; name = Express.xcodeproj; path = ../Express/Express.xcodeproj; sourceTree = "<group>"; };
		97D161BA1C17C4A100FBD297 /* RigidBody2D.h */ = {isa = PBXFileReference; fileEncoding = 4; lastKnownFileType = sourcecode.c.h; path = RigidBody2D.h; sourceTree = "<group>"; };
		97D161BB1C17C4A100FBD297 /* RigidBody2D.m */ = {isa = PBXFileReference; fileEncoding = 4; lastKnownFileType = sourcecode.c.objc; path = RigidBody2D.m; sourceTree = "<group>"; };
		97D161C21C17CFB100FBD297 /* CircleCollider2D.h */ = {isa = PBXFileReference; fileEncoding = 4; lastKnownFileType = sourcecode.c.h; path = CircleCollider2D.h; sourceTree = "<group>"; };
		97D161C31C17CFB100FBD297 /* CircleCollider2D.m */ = {isa = PBXFileReference; fileEncoding = 4; lastKnownFileType = sourcecode.c.objc; path = CircleCollider2D.m; sourceTree = "<group>"; };
/* End PBXFileReference section */

/* Begin PBXFrameworksBuildPhase section */
		97D058271BF533E6001D6E87 /* Frameworks */ = {
			isa = PBXFrameworksBuildPhase;
			buildActionMask = 2147483647;
			files = (
				97CD5E841C1A9899006D301C /* Foundation.framework in Frameworks */,
				97D161B41C17C24700FBD297 /* libExpress.a in Frameworks */,
			);
			runOnlyForDeploymentPostprocessing = 0;
		};
/* End PBXFrameworksBuildPhase section */

/* Begin PBXGroup section */
		97CD0E471C16986500CEFF3F /* Engine */ = {
			isa = PBXGroup;
			children = (
				97CD39161C1D067A008870FB /* Util */,
				97CD0E871C16A94000CEFF3F /* Engine.h */,
				97CD0E7D1C16989100CEFF3F /* Core */,
				97CD0E7C1C16987D00CEFF3F /* Graphics */,
			);
			path = Engine;
			sourceTree = "<group>";
		};
		97CD0E7C1C16987D00CEFF3F /* Graphics */ = {
			isa = PBXGroup;
			children = (
				97CD0E821C16A4B600CEFF3F /* Engine.Graphics.classes.h */,
				97CD0E831C16A4C600CEFF3F /* Engine.Graphics.h */,
				97CD0E771C16986500CEFF3F /* TextureAtlas.h */,
				97CD0E781C16986500CEFF3F /* TextureAtlas.m */,
				97CD0E751C16986500CEFF3F /* SpriteRenderer.h */,
				97CD0E761C16986500CEFF3F /* SpriteRenderer.m */,
				97CD0E731C16986500CEFF3F /* Sprite.h */,
				97CD0E741C16986500CEFF3F /* Sprite.m */,
				97CD0E4A1C16986500CEFF3F /* AnimatedSpriteRenderer.h */,
				97CD0E4B1C16986500CEFF3F /* AnimatedSpriteRenderer.m */,
			);
			name = Graphics;
			sourceTree = "<group>";
		};
		97CD0E7D1C16989100CEFF3F /* Core */ = {
			isa = PBXGroup;
			children = (
				97CD0E841C16A53F00CEFF3F /* Engine.Core.classes.h */,
				97CD0E851C16A55800CEFF3F /* Engine.Core.h */,
				97CD0E7F1C1698CB00CEFF3F /* Systems */,
				97CD0E7E1C1698A400CEFF3F /* Actions */,
				97D161B91C17C47C00FBD297 /* Physics */,
				97CD0E791C16986500CEFF3F /* Transform.h */,
				97CD0E7A1C16986500CEFF3F /* Transform.m */,
				97CD0E621C16986500CEFF3F /* ISceneListener.h */,
				97CD0E5E1C16986500CEFF3F /* IDrawableComponent.h */,
				97CD0E5F1C16986500CEFF3F /* INodeComponent.h */,
				97CD0E651C16986500CEFF3F /* Node.h */,
				97CD0E661C16986500CEFF3F /* Node.m */,
				97CD0E6F1C16986500CEFF3F /* Scene.h */,
				97CD0E701C16986500CEFF3F /* Scene.m */,
				97CD390B1C1CD6F0008870FB /* Camera.h */,
				97CD390C1C1CD6F0008870FB /* Camera.m */,
			);
			name = Core;
			sourceTree = "<group>";
		};
		97CD0E7E1C1698A400CEFF3F /* Actions */ = {
			isa = PBXGroup;
			children = (
				97CD0E711C16986500CEFF3F /* SceneAction.h */,
				97CD0E721C16986500CEFF3F /* SceneAction.m */,
				97CD0E611C16986500CEFF3F /* ISceneAction.h */,
				97CD0E691C16986500CEFF3F /* RemoveComponentAction.h */,
				97CD0E6A1C16986500CEFF3F /* RemoveComponentAction.m */,
				97CD0E561C16986500CEFF3F /* CreateNodeAction.h */,
				97CD0E571C16986500CEFF3F /* CreateNodeAction.m */,
				97CD0E581C16986500CEFF3F /* DestroyNodeAction.h */,
				97CD0E591C16986500CEFF3F /* DestroyNodeAction.m */,
				97CD0E481C16986500CEFF3F /* AddComponentAction.h */,
				97CD0E491C16986500CEFF3F /* AddComponentAction.m */,
			);
			name = Actions;
			sourceTree = "<group>";
		};
		97CD0E7F1C1698CB00CEFF3F /* Systems */ = {
			isa = PBXGroup;
			children = (
				97CD0E631C16986500CEFF3F /* LogicSystem.h */,
				97CD0E641C16986500CEFF3F /* LogicSystem.m */,
				97CD0E671C16986500CEFF3F /* PhysicsSystem.h */,
				97CD0E681C16986500CEFF3F /* PhysicsSystem.m */,
				97CD0E6B1C16986500CEFF3F /* RenderSystem.h */,
				97CD0E6C1C16986500CEFF3F /* RenderSystem.m */,
			);
			name = Systems;
			sourceTree = "<group>";
		};
		97CD39161C1D067A008870FB /* Util */ = {
			isa = PBXGroup;
			children = (
				97CD39171C1D0697008870FB /* StringLineReader.h */,
				97CD39181C1D0697008870FB /* StringLineReader.m */,
			);
			name = Util;
			sourceTree = "<group>";
		};
		97D058211BF533E6001D6E87 = {
			isa = PBXGroup;
			children = (
				97D1619F1C17C1EA00FBD297 /* Express.xcodeproj */,
				97CD0E471C16986500CEFF3F /* Engine */,
				97D058581BF535A3001D6E87 /* Frameworks */,
				97D0582B1BF533E6001D6E87 /* Products */,
			);
			sourceTree = "<group>";
		};
		97D0582B1BF533E6001D6E87 /* Products */ = {
			isa = PBXGroup;
			children = (
				97D0582A1BF533E6001D6E87 /* libEngine.a */,
			);
			name = Products;
			sourceTree = "<group>";
		};
		97D058581BF535A3001D6E87 /* Frameworks */ = {
			isa = PBXGroup;
			children = (
				97CD5E831C1A9899006D301C /* Foundation.framework */,
				97D058561BF53579001D6E87 /* libXNI.a */,
			);
			name = Frameworks;
			sourceTree = "<group>";
		};
		97D161A01C17C1EA00FBD297 /* Products */ = {
			isa = PBXGroup;
			children = (
				97D161A61C17C1EA00FBD297 /* libExpress.a */,
				97D161A81C17C1EA00FBD297 /* libExpress.a */,
			);
			name = Products;
			sourceTree = "<group>";
		};
		97D161B91C17C47C00FBD297 /* Physics */ = {
			isa = PBXGroup;
			children = (
				97D161BA1C17C4A100FBD297 /* RigidBody2D.h */,
				97D161BB1C17C4A100FBD297 /* RigidBody2D.m */,
				97D161C21C17CFB100FBD297 /* CircleCollider2D.h */,
				97D161C31C17CFB100FBD297 /* CircleCollider2D.m */,
				97CDE2131C193FBB0020D969 /* ICollisionListener.h */,
				97CDE2141C19412F0020D969 /* ICollider.h */,
				97CDE2151C1953700020D969 /* CollisionMatrix.h */,
				97CDE2161C1953700020D969 /* CollisionMatrix.m */,
			);
			name = Physics;
			sourceTree = "<group>";
		};
/* End PBXGroup section */

/* Begin PBXNativeTarget section */
		97D058291BF533E6001D6E87 /* Engine */ = {
			isa = PBXNativeTarget;
			buildConfigurationList = 97D0583E1BF533E6001D6E87 /* Build configuration list for PBXNativeTarget "Engine" */;
			buildPhases = (
				97D058261BF533E6001D6E87 /* Sources */,
				97D058271BF533E6001D6E87 /* Frameworks */,
				97D058281BF533E6001D6E87 /* CopyFiles */,
			);
			buildRules = (
			);
			dependencies = (
				97D161BF1C17C8DD00FBD297 /* PBXTargetDependency */,
			);
			name = Engine;
			productName = Engine;
			productReference = 97D0582A1BF533E6001D6E87 /* libEngine.a */;
			productType = "com.apple.product-type.library.static";
		};
/* End PBXNativeTarget section */

/* Begin PBXProject section */
		97D058221BF533E6001D6E87 /* Project object */ = {
			isa = PBXProject;
			attributes = {
				LastUpgradeCheck = 0640;
				ORGANIZATIONNAME = Gameteam;
				TargetAttributes = {
					97D058291BF533E6001D6E87 = {
						CreatedOnToolsVersion = 6.4;
					};
				};
			};
			buildConfigurationList = 97D058251BF533E6001D6E87 /* Build configuration list for PBXProject "Engine" */;
			compatibilityVersion = "Xcode 3.2";
			developmentRegion = English;
			hasScannedForEncodings = 0;
			knownRegions = (
				en,
			);
			mainGroup = 97D058211BF533E6001D6E87;
			productRefGroup = 97D0582B1BF533E6001D6E87 /* Products */;
			projectDirPath = "";
			projectReferences = (
				{
					ProductGroup = 97D161A01C17C1EA00FBD297 /* Products */;
					ProjectRef = 97D1619F1C17C1EA00FBD297 /* Express.xcodeproj */;
				},
			);
			projectRoot = "";
			targets = (
				97D058291BF533E6001D6E87 /* Engine */,
			);
		};
/* End PBXProject section */

/* Begin PBXReferenceProxy section */
		97D161A61C17C1EA00FBD297 /* libExpress.a */ = {
			isa = PBXReferenceProxy;
			fileType = archive.ar;
			path = libExpress.a;
			remoteRef = 97D161A51C17C1EA00FBD297 /* PBXContainerItemProxy */;
			sourceTree = BUILT_PRODUCTS_DIR;
		};
		97D161A81C17C1EA00FBD297 /* libExpress.a */ = {
			isa = PBXReferenceProxy;
			fileType = archive.ar;
			path = libExpress.a;
			remoteRef = 97D161A71C17C1EA00FBD297 /* PBXContainerItemProxy */;
			sourceTree = BUILT_PRODUCTS_DIR;
		};
/* End PBXReferenceProxy section */

/* Begin PBXSourcesBuildPhase section */
		97D058261BF533E6001D6E87 /* Sources */ = {
			isa = PBXSourcesBuildPhase;
			buildActionMask = 2147483647;
			files = (
				97D53A2F1C1B44F60066965B /* CircleCollider2D.h in Sources */,
				97D53A301C1B44F60066965B /* ICollisionListener.h in Sources */,
				97D53A311C1B44F60066965B /* ICollider.h in Sources */,
				97D53A321C1B44F60066965B /* CollisionMatrix.h in Sources */,
				97D161BD1C17C71700FBD297 /* RigidBody2D.h in Sources */,
				97CD0E8C1C16AEE100CEFF3F /* Engine.h in Sources */,
				97D161BC1C17C4A100FBD297 /* RigidBody2D.m in Sources */,
				97CD0E8D1C16AEE100CEFF3F /* Engine.Core.classes.h in Sources */,
				97CD0E8E1C16AEE100CEFF3F /* Engine.Core.h in Sources */,
				97CD0E8F1C16AEE100CEFF3F /* LogicSystem.h in Sources */,
				97CD0E901C16AEE100CEFF3F /* LogicSystem.m in Sources */,
				97CDE2171C1953700020D969 /* CollisionMatrix.m in Sources */,
				97CD0E911C16AEE100CEFF3F /* PhysicsSystem.h in Sources */,
				97CD0E921C16AEE100CEFF3F /* PhysicsSystem.m in Sources */,
				97CD0E931C16AEE100CEFF3F /* RenderSystem.h in Sources */,
				97CD0E941C16AEE100CEFF3F /* RenderSystem.m in Sources */,
				97CD0E951C16AEE100CEFF3F /* SceneAction.h in Sources */,
				97CD0E961C16AEE100CEFF3F /* SceneAction.m in Sources */,
				97CD0E971C16AEE100CEFF3F /* ISceneAction.h in Sources */,
				97CD0E981C16AEE100CEFF3F /* RemoveComponentAction.h in Sources */,
				97CD39191C1D0697008870FB /* StringLineReader.m in Sources */,
				97CD0E991C16AEE100CEFF3F /* RemoveComponentAction.m in Sources */,
				97D161C41C17CFB100FBD297 /* CircleCollider2D.m in Sources */,
				97CD0E9A1C16AEE100CEFF3F /* CreateNodeAction.h in Sources */,
				97CD0E9B1C16AEE100CEFF3F /* CreateNodeAction.m in Sources */,
				97CD0E9C1C16AEE100CEFF3F /* DestroyNodeAction.h in Sources */,
				97CD0E9D1C16AEE100CEFF3F /* DestroyNodeAction.m in Sources */,
				97CD0E9E1C16AEE100CEFF3F /* AddComponentAction.h in Sources */,
				97CD0E9F1C16AEE100CEFF3F /* AddComponentAction.m in Sources */,
				97CD390D1C1CD6F0008870FB /* Camera.m in Sources */,
				97CD0EA01C16AEE100CEFF3F /* Transform.h in Sources */,
				97CD0EA11C16AEE100CEFF3F /* Transform.m in Sources */,
				97CD0EA21C16AEE100CEFF3F /* ISceneListener.h in Sources */,
				97CD0EA31C16AEE100CEFF3F /* IDrawableComponent.h in Sources */,
				97CD0EA41C16AEE100CEFF3F /* INodeComponent.h in Sources */,
				97CD0EA61C16AEE100CEFF3F /* Node.h in Sources */,
				97CD0EA71C16AEE100CEFF3F /* Node.m in Sources */,
				97CD0EA81C16AEE100CEFF3F /* Scene.h in Sources */,
				97CD0EA91C16AEE100CEFF3F /* Scene.m in Sources */,
				97CD0EAA1C16AEE100CEFF3F /* Engine.Graphics.classes.h in Sources */,
				97CD0EAB1C16AEE100CEFF3F /* Engine.Graphics.h in Sources */,
				97CD0EAC1C16AEE100CEFF3F /* TextureAtlas.h in Sources */,
				97CD0EAD1C16AEE100CEFF3F /* TextureAtlas.m in Sources */,
				97CD0EAE1C16AEE100CEFF3F /* SpriteRenderer.h in Sources */,
				97CD0EAF1C16AEE100CEFF3F /* SpriteRenderer.m in Sources */,
				97CD0EB01C16AEE100CEFF3F /* Sprite.h in Sources */,
				97CD0EB11C16AEE100CEFF3F /* Sprite.m in Sources */,
				97CD0EB21C16AEE100CEFF3F /* AnimatedSpriteRenderer.h in Sources */,
				97CD0EB31C16AEE100CEFF3F /* AnimatedSpriteRenderer.m in Sources */,
			);
			runOnlyForDeploymentPostprocessing = 0;
		};
/* End PBXSourcesBuildPhase section */

/* Begin PBXTargetDependency section */
		97D161BF1C17C8DD00FBD297 /* PBXTargetDependency */ = {
			isa = PBXTargetDependency;
			name = Express;
			targetProxy = 97D161BE1C17C8DD00FBD297 /* PBXContainerItemProxy */;
		};
/* End PBXTargetDependency section */

/* Begin XCBuildConfiguration section */
		97D0583C1BF533E6001D6E87 /* Debug */ = {
			isa = XCBuildConfiguration;
			buildSettings = {
				ALWAYS_SEARCH_USER_PATHS = NO;
				CLANG_CXX_LANGUAGE_STANDARD = "gnu++0x";
				CLANG_CXX_LIBRARY = "libc++";
				CLANG_ENABLE_MODULES = YES;
				CLANG_ENABLE_OBJC_ARC = YES;
				CLANG_WARN_BOOL_CONVERSION = YES;
				CLANG_WARN_CONSTANT_CONVERSION = YES;
				CLANG_WARN_DIRECT_OBJC_ISA_USAGE = YES_ERROR;
				CLANG_WARN_EMPTY_BODY = YES;
				CLANG_WARN_ENUM_CONVERSION = YES;
				CLANG_WARN_INT_CONVERSION = YES;
				CLANG_WARN_OBJC_ROOT_CLASS = YES_ERROR;
				CLANG_WARN_UNREACHABLE_CODE = YES;
				CLANG_WARN__DUPLICATE_METHOD_MATCH = YES;
				COPY_PHASE_STRIP = NO;
				DEBUG_INFORMATION_FORMAT = "dwarf-with-dsym";
				ENABLE_STRICT_OBJC_MSGSEND = YES;
				GCC_C_LANGUAGE_STANDARD = gnu99;
				GCC_DYNAMIC_NO_PIC = NO;
				GCC_NO_COMMON_BLOCKS = YES;
				GCC_OPTIMIZATION_LEVEL = 0;
				GCC_PREPROCESSOR_DEFINITIONS = (
					"DEBUG=1",
					"$(inherited)",
				);
				GCC_SYMBOLS_PRIVATE_EXTERN = NO;
				GCC_WARN_64_TO_32_BIT_CONVERSION = YES;
				GCC_WARN_ABOUT_RETURN_TYPE = YES_ERROR;
				GCC_WARN_UNDECLARED_SELECTOR = YES;
				GCC_WARN_UNINITIALIZED_AUTOS = YES_AGGRESSIVE;
				GCC_WARN_UNUSED_FUNCTION = YES;
				GCC_WARN_UNUSED_VARIABLE = YES;
				IPHONEOS_DEPLOYMENT_TARGET = 7.1;
				MTL_ENABLE_DEBUG_INFO = YES;
				ONLY_ACTIVE_ARCH = YES;
				SDKROOT = iphoneos;
			};
			name = Debug;
		};
		97D0583D1BF533E6001D6E87 /* Release */ = {
			isa = XCBuildConfiguration;
			buildSettings = {
				ALWAYS_SEARCH_USER_PATHS = NO;
				CLANG_CXX_LANGUAGE_STANDARD = "gnu++0x";
				CLANG_CXX_LIBRARY = "libc++";
				CLANG_ENABLE_MODULES = YES;
				CLANG_ENABLE_OBJC_ARC = YES;
				CLANG_WARN_BOOL_CONVERSION = YES;
				CLANG_WARN_CONSTANT_CONVERSION = YES;
				CLANG_WARN_DIRECT_OBJC_ISA_USAGE = YES_ERROR;
				CLANG_WARN_EMPTY_BODY = YES;
				CLANG_WARN_ENUM_CONVERSION = YES;
				CLANG_WARN_INT_CONVERSION = YES;
				CLANG_WARN_OBJC_ROOT_CLASS = YES_ERROR;
				CLANG_WARN_UNREACHABLE_CODE = YES;
				CLANG_WARN__DUPLICATE_METHOD_MATCH = YES;
				COPY_PHASE_STRIP = NO;
				DEBUG_INFORMATION_FORMAT = "dwarf-with-dsym";
				ENABLE_NS_ASSERTIONS = NO;
				ENABLE_STRICT_OBJC_MSGSEND = YES;
				GCC_C_LANGUAGE_STANDARD = gnu99;
				GCC_NO_COMMON_BLOCKS = YES;
				GCC_WARN_64_TO_32_BIT_CONVERSION = YES;
				GCC_WARN_ABOUT_RETURN_TYPE = YES_ERROR;
				GCC_WARN_UNDECLARED_SELECTOR = YES;
				GCC_WARN_UNINITIALIZED_AUTOS = YES_AGGRESSIVE;
				GCC_WARN_UNUSED_FUNCTION = YES;
				GCC_WARN_UNUSED_VARIABLE = YES;
				IPHONEOS_DEPLOYMENT_TARGET = 7.1;
				MTL_ENABLE_DEBUG_INFO = NO;
				SDKROOT = iphoneos;
				VALIDATE_PRODUCT = YES;
			};
			name = Release;
		};
		97D0583F1BF533E6001D6E87 /* Debug */ = {
			isa = XCBuildConfiguration;
			buildSettings = {
				ALWAYS_SEARCH_USER_PATHS = NO;
				IPHONEOS_DEPLOYMENT_TARGET = 7.1;
				LIBRARY_SEARCH_PATHS = (
					"$(inherited)",
					/Users/paidgeek/Glomero/XNI,
				);
				OTHER_LDFLAGS = "-ObjC";
				PRODUCT_NAME = "$(TARGET_NAME)";
				SKIP_INSTALL = YES;
				USER_HEADER_SEARCH_PATHS = "$(SRCROOT)/.././**";
			};
			name = Debug;
		};
		97D058401BF533E6001D6E87 /* Release */ = {
			isa = XCBuildConfiguration;
			buildSettings = {
				ALWAYS_SEARCH_USER_PATHS = NO;
				IPHONEOS_DEPLOYMENT_TARGET = 7.1;
				LIBRARY_SEARCH_PATHS = (
					"$(inherited)",
					/Users/paidgeek/Glomero/XNI,
				);
				OTHER_LDFLAGS = "-ObjC";
				PRODUCT_NAME = "$(TARGET_NAME)";
				SKIP_INSTALL = YES;
				USER_HEADER_SEARCH_PATHS = "$(SRCROOT)/.././**";
			};
			name = Release;
		};
/* End XCBuildConfiguration section */

/* Begin XCConfigurationList section */
		97D058251BF533E6001D6E87 /* Build configuration list for PBXProject "Engine" */ = {
			isa = XCConfigurationList;
			buildConfigurations = (
				97D0583C1BF533E6001D6E87 /* Debug */,
				97D0583D1BF533E6001D6E87 /* Release */,
			);
			defaultConfigurationIsVisible = 0;
			defaultConfigurationName = Release;
		};
		97D0583E1BF533E6001D6E87 /* Build configuration list for PBXNativeTarget "Engine" */ = {
			isa = XCConfigurationList;
			buildConfigurations = (
				97D0583F1BF533E6001D6E87 /* Debug */,
				97D058401BF533E6001D6E87 /* Release */,
			);
			defaultConfigurationIsVisible = 0;
			defaultConfigurationName = Release;
		};
/* End XCConfigurationList section */
	};
	rootObject = 97D058221BF533E6001D6E87 /* Project object */;
}
